// !$*UTF8*$!
{
	archiveVersion = 1;
	classes = {
	};
	objectVersion = 56;
	objects = {

/* Begin PBXBuildFile section */
		C51556C32B830402006FD0F2 /* BookInfoBottomButtonView.swift in Sources */ = {isa = PBXBuildFile; fileRef = C51556C22B830402006FD0F2 /* BookInfoBottomButtonView.swift */; };
		C51556C62B839367006FD0F2 /* BookInfoModel.swift in Sources */ = {isa = PBXBuildFile; fileRef = C51556C52B839367006FD0F2 /* BookInfoModel.swift */; };
		C51556C82B83BA7E006FD0F2 /* BasicBookInfoView.swift in Sources */ = {isa = PBXBuildFile; fileRef = C51556C72B83BA7E006FD0F2 /* BasicBookInfoView.swift */; };
		C51556CA2B83C9FB006FD0F2 /* SelectReviewClusterView.swift in Sources */ = {isa = PBXBuildFile; fileRef = C51556C92B83C9FB006FD0F2 /* SelectReviewClusterView.swift */; };
		C518A8AB2B8132F800EBD1A8 /* Review.swift in Sources */ = {isa = PBXBuildFile; fileRef = C518A8AA2B8132F800EBD1A8 /* Review.swift */; };
		C51C1DD12B83E7B500B45345 /* CommentHScrollView.swift in Sources */ = {isa = PBXBuildFile; fileRef = C51C1DD02B83E7B500B45345 /* CommentHScrollView.swift */; };
		C5338FA42B8DD76900D24B5F /* CommentReactionToken.swift in Sources */ = {isa = PBXBuildFile; fileRef = C5338FA32B8DD76900D24B5F /* CommentReactionToken.swift */; };
		C5338FA62B8DD89C00D24B5F /* EmojiSelectPopover.swift in Sources */ = {isa = PBXBuildFile; fileRef = C5338FA52B8DD89C00D24B5F /* EmojiSelectPopover.swift */; };
		C5338FA82B8E1B1600D24B5F /* CommentRowView.swift in Sources */ = {isa = PBXBuildFile; fileRef = C5338FA72B8E1B1600D24B5F /* CommentRowView.swift */; };
		C561F1D52BAB0519005A680B /* EnterNickname.swift in Sources */ = {isa = PBXBuildFile; fileRef = C561F1D42BAB0519005A680B /* EnterNickname.swift */; };
		C58F57172B8CF35D004085A5 /* BookInfo_ReviewModel.swift in Sources */ = {isa = PBXBuildFile; fileRef = C58F57162B8CF35D004085A5 /* BookInfo_ReviewModel.swift */; };
		C58F57192B8D001F004085A5 /* CommentReactionView.swift in Sources */ = {isa = PBXBuildFile; fileRef = C58F57182B8D001F004085A5 /* CommentReactionView.swift */; };
		C595A1DE2B7A9DD6006D88EC /* AppTabView.swift in Sources */ = {isa = PBXBuildFile; fileRef = C595A1DD2B7A9DD6006D88EC /* AppTabView.swift */; };
		C595A1E02B7A9E59006D88EC /* MainPage.swift in Sources */ = {isa = PBXBuildFile; fileRef = C595A1DF2B7A9E59006D88EC /* MainPage.swift */; };
		C595A1E82B7A9FFB006D88EC /* BookMap.swift in Sources */ = {isa = PBXBuildFile; fileRef = C595A1E72B7A9FFB006D88EC /* BookMap.swift */; };
		C595A1EC2B7AA01E006D88EC /* MyPage.swift in Sources */ = {isa = PBXBuildFile; fileRef = C595A1EB2B7AA01E006D88EC /* MyPage.swift */; };
		C595A1FB2B7B8A3F006D88EC /* Book.swift in Sources */ = {isa = PBXBuildFile; fileRef = C595A1FA2B7B8A3F006D88EC /* Book.swift */; };
		C595A2002B7BAC7A006D88EC /* RegisterBook.swift in Sources */ = {isa = PBXBuildFile; fileRef = C595A1FF2B7BAC7A006D88EC /* RegisterBook.swift */; };
		C595A2022B7BCB10006D88EC /* SelectBookTypeView.swift in Sources */ = {isa = PBXBuildFile; fileRef = C595A2012B7BCB10006D88EC /* SelectBookTypeView.swift */; };
		C595A2042B7BDE87006D88EC /* DatePickerInList.swift in Sources */ = {isa = PBXBuildFile; fileRef = C595A2032B7BDE87006D88EC /* DatePickerInList.swift */; };
		C5BAF29D2BA49F0800DC33FE /* GreyLogoAndTextView.swift in Sources */ = {isa = PBXBuildFile; fileRef = C5BAF29C2BA49F0800DC33FE /* GreyLogoAndTextView.swift */; };
		C5BB8B662B7CF3CE00A49858 /* SearchLocation.swift in Sources */ = {isa = PBXBuildFile; fileRef = C5BB8B652B7CF3CE00A49858 /* SearchLocation.swift */; };
		C5BE52252B68F53E00FF07F8 /* ReadingFrameApp.swift in Sources */ = {isa = PBXBuildFile; fileRef = C5BE52242B68F53E00FF07F8 /* ReadingFrameApp.swift */; };
		C5BE52272B68F53E00FF07F8 /* LaunchView.swift in Sources */ = {isa = PBXBuildFile; fileRef = C5BE52262B68F53E00FF07F8 /* LaunchView.swift */; };
		C5BE52292B68F54000FF07F8 /* Assets.xcassets in Resources */ = {isa = PBXBuildFile; fileRef = C5BE52282B68F54000FF07F8 /* Assets.xcassets */; };
		C5BE522C2B68F54000FF07F8 /* Preview Assets.xcassets in Resources */ = {isa = PBXBuildFile; fileRef = C5BE522B2B68F54000FF07F8 /* Preview Assets.xcassets */; };
		C5CEA8922B8A5CCA007A89A2 /* WrapLayout.swift in Sources */ = {isa = PBXBuildFile; fileRef = C5CEA8912B8A5CCA007A89A2 /* WrapLayout.swift */; };
		C5CEA8942B8A66D8007A89A2 /* BookInfo_Review.swift in Sources */ = {isa = PBXBuildFile; fileRef = C5CEA8932B8A66D8007A89A2 /* BookInfo_Review.swift */; };
		C5DF2B842B7F8E740069B64D /* BookInfo.swift in Sources */ = {isa = PBXBuildFile; fileRef = C5DF2B832B7F8E740069B64D /* BookInfo.swift */; };
		C5DF2B862B7FC94D0069B64D /* Badge_Info.swift in Sources */ = {isa = PBXBuildFile; fileRef = C5DF2B852B7FC94D0069B64D /* Badge_Info.swift */; };
		E702A9A82B85CAF50081F65D /* ReadingItemView.swift in Sources */ = {isa = PBXBuildFile; fileRef = E702A9A72B85CAF50081F65D /* ReadingItemView.swift */; };
		E702A9AA2B85F0ED0081F65D /* ReadingPercentBar.swift in Sources */ = {isa = PBXBuildFile; fileRef = E702A9A92B85F0ED0081F65D /* ReadingPercentBar.swift */; };
		E702A9AC2B85FB2F0081F65D /* ReadingLabel.swift in Sources */ = {isa = PBXBuildFile; fileRef = E702A9AB2B85FB2F0081F65D /* ReadingLabel.swift */; };
		E702A9AE2B8605D10081F65D /* ReadingRowView.swift in Sources */ = {isa = PBXBuildFile; fileRef = E702A9AD2B8605D10081F65D /* ReadingRowView.swift */; };
		E702A9B02B86219C0081F65D /* PageIndicator.swift in Sources */ = {isa = PBXBuildFile; fileRef = E702A9AF2B86219C0081F65D /* PageIndicator.swift */; };
		E702A9B42B864D330081F65D /* ReadingNote.swift in Sources */ = {isa = PBXBuildFile; fileRef = E702A9B32B864D330081F65D /* ReadingNote.swift */; };
		E716315F2B7C982600BCD302 /* BookItemView.swift in Sources */ = {isa = PBXBuildFile; fileRef = E716315E2B7C982600BCD302 /* BookItemView.swift */; };
		E71631612B7CD08B00BCD302 /* WantToReadRowView.swift in Sources */ = {isa = PBXBuildFile; fileRef = E71631602B7CD08B00BCD302 /* WantToReadRowView.swift */; };
		E71631632B7CF1A900BCD302 /* LoadableBookImage.swift in Sources */ = {isa = PBXBuildFile; fileRef = E71631622B7CF1A900BCD302 /* LoadableBookImage.swift */; };
		E751B56E2B8E0D3100880123 /* FinishReadRowView.swift in Sources */ = {isa = PBXBuildFile; fileRef = E751B56D2B8E0D3100880123 /* FinishReadRowView.swift */; };
		E751B5702B8EC61A00880123 /* EditBookmark.swift in Sources */ = {isa = PBXBuildFile; fileRef = E751B56F2B8EC61A00880123 /* EditBookmark.swift */; };
		E751B5722B8EC6B000880123 /* DragIndicator.swift in Sources */ = {isa = PBXBuildFile; fileRef = E751B5712B8EC6B000880123 /* DragIndicator.swift */; };
		E751B5742B8ED1D100880123 /* DateRange.swift in Sources */ = {isa = PBXBuildFile; fileRef = E751B5732B8ED1D100880123 /* DateRange.swift */; };
		E790FA2A2B81F25200EA38C6 /* Home.swift in Sources */ = {isa = PBXBuildFile; fileRef = E790FA292B81F25200EA38C6 /* Home.swift */; };
		E7A0DD2A2B7B4B12006004B5 /* SearchBar.swift in Sources */ = {isa = PBXBuildFile; fileRef = E7A0DD292B7B4B12006004B5 /* SearchBar.swift */; };
		E7A0DD2C2B7B52A7006004B5 /* Fonts.swift in Sources */ = {isa = PBXBuildFile; fileRef = E7A0DD2B2B7B52A7006004B5 /* Fonts.swift */; };
		E7A0DD2E2B7B617E006004B5 /* SearchView.swift in Sources */ = {isa = PBXBuildFile; fileRef = E7A0DD2D2B7B617E006004B5 /* SearchView.swift */; };
		E7A0DD302B7B6B5B006004B5 /* HomeSegmentedControl.swift in Sources */ = {isa = PBXBuildFile; fileRef = E7A0DD2F2B7B6B5B006004B5 /* HomeSegmentedControl.swift */; };
		E7F6D81C2BA6D8C000181586 /* ReadingItemDetailView.swift in Sources */ = {isa = PBXBuildFile; fileRef = E7F6D81B2BA6D8C000181586 /* ReadingItemDetailView.swift */; };
		E7F6D81E2BA6D92E00181586 /* BookRowDetailView.swift in Sources */ = {isa = PBXBuildFile; fileRef = E7F6D81D2BA6D92E00181586 /* BookRowDetailView.swift */; };
/* End PBXBuildFile section */

/* Begin PBXFileReference section */
		C51556C22B830402006FD0F2 /* BookInfoBottomButtonView.swift */ = {isa = PBXFileReference; lastKnownFileType = sourcecode.swift; path = BookInfoBottomButtonView.swift; sourceTree = "<group>"; };
		C51556C52B839367006FD0F2 /* BookInfoModel.swift */ = {isa = PBXFileReference; lastKnownFileType = sourcecode.swift; path = BookInfoModel.swift; sourceTree = "<group>"; };
		C51556C72B83BA7E006FD0F2 /* BasicBookInfoView.swift */ = {isa = PBXFileReference; lastKnownFileType = sourcecode.swift; path = BasicBookInfoView.swift; sourceTree = "<group>"; };
		C51556C92B83C9FB006FD0F2 /* SelectReviewClusterView.swift */ = {isa = PBXFileReference; lastKnownFileType = sourcecode.swift; path = SelectReviewClusterView.swift; sourceTree = "<group>"; };
		C518A8AA2B8132F800EBD1A8 /* Review.swift */ = {isa = PBXFileReference; lastKnownFileType = sourcecode.swift; path = Review.swift; sourceTree = "<group>"; };
		C51C1DD02B83E7B500B45345 /* CommentHScrollView.swift */ = {isa = PBXFileReference; lastKnownFileType = sourcecode.swift; path = CommentHScrollView.swift; sourceTree = "<group>"; };
		C5338FA32B8DD76900D24B5F /* CommentReactionToken.swift */ = {isa = PBXFileReference; lastKnownFileType = sourcecode.swift; path = CommentReactionToken.swift; sourceTree = "<group>"; };
		C5338FA52B8DD89C00D24B5F /* EmojiSelectPopover.swift */ = {isa = PBXFileReference; lastKnownFileType = sourcecode.swift; path = EmojiSelectPopover.swift; sourceTree = "<group>"; };
		C5338FA72B8E1B1600D24B5F /* CommentRowView.swift */ = {isa = PBXFileReference; lastKnownFileType = sourcecode.swift; path = CommentRowView.swift; sourceTree = "<group>"; };
		C561F1D42BAB0519005A680B /* EnterNickname.swift */ = {isa = PBXFileReference; lastKnownFileType = sourcecode.swift; path = EnterNickname.swift; sourceTree = "<group>"; };
		C58F57162B8CF35D004085A5 /* BookInfo_ReviewModel.swift */ = {isa = PBXFileReference; lastKnownFileType = sourcecode.swift; path = BookInfo_ReviewModel.swift; sourceTree = "<group>"; };
		C58F57182B8D001F004085A5 /* CommentReactionView.swift */ = {isa = PBXFileReference; lastKnownFileType = sourcecode.swift; path = CommentReactionView.swift; sourceTree = "<group>"; };
		C595A1DD2B7A9DD6006D88EC /* AppTabView.swift */ = {isa = PBXFileReference; lastKnownFileType = sourcecode.swift; path = AppTabView.swift; sourceTree = "<group>"; };
		C595A1DF2B7A9E59006D88EC /* MainPage.swift */ = {isa = PBXFileReference; lastKnownFileType = sourcecode.swift; path = MainPage.swift; sourceTree = "<group>"; };
		C595A1E72B7A9FFB006D88EC /* BookMap.swift */ = {isa = PBXFileReference; lastKnownFileType = sourcecode.swift; path = BookMap.swift; sourceTree = "<group>"; };
		C595A1EB2B7AA01E006D88EC /* MyPage.swift */ = {isa = PBXFileReference; lastKnownFileType = sourcecode.swift; path = MyPage.swift; sourceTree = "<group>"; };
		C595A1FA2B7B8A3F006D88EC /* Book.swift */ = {isa = PBXFileReference; lastKnownFileType = sourcecode.swift; path = Book.swift; sourceTree = "<group>"; };
		C595A1FF2B7BAC7A006D88EC /* RegisterBook.swift */ = {isa = PBXFileReference; lastKnownFileType = sourcecode.swift; path = RegisterBook.swift; sourceTree = "<group>"; };
		C595A2012B7BCB10006D88EC /* SelectBookTypeView.swift */ = {isa = PBXFileReference; lastKnownFileType = sourcecode.swift; path = SelectBookTypeView.swift; sourceTree = "<group>"; };
		C595A2032B7BDE87006D88EC /* DatePickerInList.swift */ = {isa = PBXFileReference; lastKnownFileType = sourcecode.swift; path = DatePickerInList.swift; sourceTree = "<group>"; };
		C5BAF29C2BA49F0800DC33FE /* GreyLogoAndTextView.swift */ = {isa = PBXFileReference; lastKnownFileType = sourcecode.swift; path = GreyLogoAndTextView.swift; sourceTree = "<group>"; };
		C5BB8B652B7CF3CE00A49858 /* SearchLocation.swift */ = {isa = PBXFileReference; lastKnownFileType = sourcecode.swift; path = SearchLocation.swift; sourceTree = "<group>"; };
		C5BE52212B68F53E00FF07F8 /* ReadingFrame.app */ = {isa = PBXFileReference; explicitFileType = wrapper.application; includeInIndex = 0; path = ReadingFrame.app; sourceTree = BUILT_PRODUCTS_DIR; };
		C5BE52242B68F53E00FF07F8 /* ReadingFrameApp.swift */ = {isa = PBXFileReference; lastKnownFileType = sourcecode.swift; path = ReadingFrameApp.swift; sourceTree = "<group>"; };
		C5BE52262B68F53E00FF07F8 /* LaunchView.swift */ = {isa = PBXFileReference; lastKnownFileType = sourcecode.swift; path = LaunchView.swift; sourceTree = "<group>"; };
		C5BE52282B68F54000FF07F8 /* Assets.xcassets */ = {isa = PBXFileReference; lastKnownFileType = folder.assetcatalog; path = Assets.xcassets; sourceTree = "<group>"; };
		C5BE522B2B68F54000FF07F8 /* Preview Assets.xcassets */ = {isa = PBXFileReference; lastKnownFileType = folder.assetcatalog; path = "Preview Assets.xcassets"; sourceTree = "<group>"; };
		C5BE52322B68F60300FF07F8 /* ReadingFrame.entitlements */ = {isa = PBXFileReference; lastKnownFileType = text.plist.entitlements; path = ReadingFrame.entitlements; sourceTree = "<group>"; };
		C5BE52332B68F68100FF07F8 /* Info.plist */ = {isa = PBXFileReference; lastKnownFileType = text.plist; path = Info.plist; sourceTree = "<group>"; };
		C5CEA8912B8A5CCA007A89A2 /* WrapLayout.swift */ = {isa = PBXFileReference; lastKnownFileType = sourcecode.swift; path = WrapLayout.swift; sourceTree = "<group>"; };
		C5CEA8932B8A66D8007A89A2 /* BookInfo_Review.swift */ = {isa = PBXFileReference; lastKnownFileType = sourcecode.swift; path = BookInfo_Review.swift; sourceTree = "<group>"; };
		C5DF2B832B7F8E740069B64D /* BookInfo.swift */ = {isa = PBXFileReference; lastKnownFileType = sourcecode.swift; path = BookInfo.swift; sourceTree = "<group>"; };
		C5DF2B852B7FC94D0069B64D /* Badge_Info.swift */ = {isa = PBXFileReference; lastKnownFileType = sourcecode.swift; path = Badge_Info.swift; sourceTree = "<group>"; };
		E702A9A72B85CAF50081F65D /* ReadingItemView.swift */ = {isa = PBXFileReference; lastKnownFileType = sourcecode.swift; path = ReadingItemView.swift; sourceTree = "<group>"; };
		E702A9A92B85F0ED0081F65D /* ReadingPercentBar.swift */ = {isa = PBXFileReference; lastKnownFileType = sourcecode.swift; path = ReadingPercentBar.swift; sourceTree = "<group>"; };
		E702A9AB2B85FB2F0081F65D /* ReadingLabel.swift */ = {isa = PBXFileReference; lastKnownFileType = sourcecode.swift; path = ReadingLabel.swift; sourceTree = "<group>"; };
		E702A9AD2B8605D10081F65D /* ReadingRowView.swift */ = {isa = PBXFileReference; lastKnownFileType = sourcecode.swift; path = ReadingRowView.swift; sourceTree = "<group>"; };
		E702A9AF2B86219C0081F65D /* PageIndicator.swift */ = {isa = PBXFileReference; lastKnownFileType = sourcecode.swift; path = PageIndicator.swift; sourceTree = "<group>"; };
		E702A9B32B864D330081F65D /* ReadingNote.swift */ = {isa = PBXFileReference; lastKnownFileType = sourcecode.swift; path = ReadingNote.swift; sourceTree = "<group>"; };
		E716315E2B7C982600BCD302 /* BookItemView.swift */ = {isa = PBXFileReference; lastKnownFileType = sourcecode.swift; path = BookItemView.swift; sourceTree = "<group>"; };
		E71631602B7CD08B00BCD302 /* WantToReadRowView.swift */ = {isa = PBXFileReference; lastKnownFileType = sourcecode.swift; path = WantToReadRowView.swift; sourceTree = "<group>"; };
		E71631622B7CF1A900BCD302 /* LoadableBookImage.swift */ = {isa = PBXFileReference; lastKnownFileType = sourcecode.swift; path = LoadableBookImage.swift; sourceTree = "<group>"; };
		E751B56D2B8E0D3100880123 /* FinishReadRowView.swift */ = {isa = PBXFileReference; lastKnownFileType = sourcecode.swift; path = FinishReadRowView.swift; sourceTree = "<group>"; };
		E751B56F2B8EC61A00880123 /* EditBookmark.swift */ = {isa = PBXFileReference; lastKnownFileType = sourcecode.swift; path = EditBookmark.swift; sourceTree = "<group>"; };
		E751B5712B8EC6B000880123 /* DragIndicator.swift */ = {isa = PBXFileReference; lastKnownFileType = sourcecode.swift; path = DragIndicator.swift; sourceTree = "<group>"; };
		E751B5732B8ED1D100880123 /* DateRange.swift */ = {isa = PBXFileReference; lastKnownFileType = sourcecode.swift; path = DateRange.swift; sourceTree = "<group>"; };
		E790FA292B81F25200EA38C6 /* Home.swift */ = {isa = PBXFileReference; lastKnownFileType = sourcecode.swift; path = Home.swift; sourceTree = "<group>"; };
		E7A0DD292B7B4B12006004B5 /* SearchBar.swift */ = {isa = PBXFileReference; lastKnownFileType = sourcecode.swift; path = SearchBar.swift; sourceTree = "<group>"; };
		E7A0DD2B2B7B52A7006004B5 /* Fonts.swift */ = {isa = PBXFileReference; lastKnownFileType = sourcecode.swift; path = Fonts.swift; sourceTree = "<group>"; };
		E7A0DD2D2B7B617E006004B5 /* SearchView.swift */ = {isa = PBXFileReference; lastKnownFileType = sourcecode.swift; path = SearchView.swift; sourceTree = "<group>"; };
		E7A0DD2F2B7B6B5B006004B5 /* HomeSegmentedControl.swift */ = {isa = PBXFileReference; lastKnownFileType = sourcecode.swift; path = HomeSegmentedControl.swift; sourceTree = "<group>"; };
		E7F6D81B2BA6D8C000181586 /* ReadingItemDetailView.swift */ = {isa = PBXFileReference; lastKnownFileType = sourcecode.swift; path = ReadingItemDetailView.swift; sourceTree = "<group>"; };
		E7F6D81D2BA6D92E00181586 /* BookRowDetailView.swift */ = {isa = PBXFileReference; lastKnownFileType = sourcecode.swift; path = BookRowDetailView.swift; sourceTree = "<group>"; };
/* End PBXFileReference section */

/* Begin PBXFrameworksBuildPhase section */
		C5BE521E2B68F53E00FF07F8 /* Frameworks */ = {
			isa = PBXFrameworksBuildPhase;
			buildActionMask = 2147483647;
			files = (
			);
			runOnlyForDeploymentPostprocessing = 0;
		};
/* End PBXFrameworksBuildPhase section */

/* Begin PBXGroup section */
		C51556C42B839355006FD0F2 /* Models */ = {
			isa = PBXGroup;
			children = (
				C51556C52B839367006FD0F2 /* BookInfoModel.swift */,
				C58F57162B8CF35D004085A5 /* BookInfo_ReviewModel.swift */,
			);
			path = Models;
			sourceTree = "<group>";
		};
		C561F1D22BAB04E1005A680B /* SignUp */ = {
			isa = PBXGroup;
			children = (
				C561F1D32BAB04F1005A680B /* Views */,
			);
			path = SignUp;
			sourceTree = "<group>";
		};
		C561F1D32BAB04F1005A680B /* Views */ = {
			isa = PBXGroup;
			children = (
				C561F1D42BAB0519005A680B /* EnterNickname.swift */,
			);
			path = Views;
			sourceTree = "<group>";
		};
		C595A1DC2B7A89D8006D88EC /* Resources */ = {
			isa = PBXGroup;
			children = (
				C5BE52282B68F54000FF07F8 /* Assets.xcassets */,
				E7A0DD2B2B7B52A7006004B5 /* Fonts.swift */,
			);
			path = Resources;
			sourceTree = "<group>";
		};
		C595A1E12B7A9FB7006D88EC /* Common */ = {
			isa = PBXGroup;
			children = (
				C595A1F92B7B8A16006D88EC /* Models */,
				C595A1E22B7A9FC0006D88EC /* Views */,
				E7A0DD282B7B49F2006004B5 /* Helpers */,
			);
			path = Common;
			sourceTree = "<group>";
		};
		C595A1E22B7A9FC0006D88EC /* Views */ = {
			isa = PBXGroup;
			children = (
				C595A1DD2B7A9DD6006D88EC /* AppTabView.swift */,
				E790FA292B81F25200EA38C6 /* Home.swift */,
				E751B56F2B8EC61A00880123 /* EditBookmark.swift */,
			);
			path = Views;
			sourceTree = "<group>";
		};
		C595A1E32B7A9FCF006D88EC /* MainPage */ = {
			isa = PBXGroup;
			children = (
				C595A1E42B7A9FD9006D88EC /* Views */,
				E716315D2B7C980500BCD302 /* Helpers */,
			);
			path = MainPage;
			sourceTree = "<group>";
		};
		C595A1E42B7A9FD9006D88EC /* Views */ = {
			isa = PBXGroup;
			children = (
				C595A1DF2B7A9E59006D88EC /* MainPage.swift */,
			);
			path = Views;
			sourceTree = "<group>";
		};
		C595A1E52B7A9FE9006D88EC /* BookMap */ = {
			isa = PBXGroup;
			children = (
				C595A1E62B7A9FEE006D88EC /* Views */,
			);
			path = BookMap;
			sourceTree = "<group>";
		};
		C595A1E62B7A9FEE006D88EC /* Views */ = {
			isa = PBXGroup;
			children = (
				C595A1E72B7A9FFB006D88EC /* BookMap.swift */,
			);
			path = Views;
			sourceTree = "<group>";
		};
		C595A1E92B7AA00F006D88EC /* MyPage */ = {
			isa = PBXGroup;
			children = (
				C595A1EA2B7AA016006D88EC /* Views */,
			);
			path = MyPage;
			sourceTree = "<group>";
		};
		C595A1EA2B7AA016006D88EC /* Views */ = {
			isa = PBXGroup;
			children = (
				C595A1EB2B7AA01E006D88EC /* MyPage.swift */,
			);
			path = Views;
			sourceTree = "<group>";
		};
		C595A1ED2B7B1EFC006D88EC /* Launch */ = {
			isa = PBXGroup;
			children = (
				C595A1EE2B7B1F12006D88EC /* Views */,
			);
			path = Launch;
			sourceTree = "<group>";
		};
		C595A1EE2B7B1F12006D88EC /* Views */ = {
			isa = PBXGroup;
			children = (
				C5BE52262B68F53E00FF07F8 /* LaunchView.swift */,
			);
			path = Views;
			sourceTree = "<group>";
		};
		C595A1F92B7B8A16006D88EC /* Models */ = {
			isa = PBXGroup;
			children = (
				C595A1FA2B7B8A3F006D88EC /* Book.swift */,
				C518A8AA2B8132F800EBD1A8 /* Review.swift */,
			);
			path = Models;
			sourceTree = "<group>";
		};
		C595A1FC2B7BABD6006D88EC /* BookInfo */ = {
			isa = PBXGroup;
			children = (
				C51556C42B839355006FD0F2 /* Models */,
				C595A1FE2B7BAC69006D88EC /* Helpers */,
				C595A1FD2B7BAC60006D88EC /* Views */,
			);
			path = BookInfo;
			sourceTree = "<group>";
		};
		C595A1FD2B7BAC60006D88EC /* Views */ = {
			isa = PBXGroup;
			children = (
				C595A1FF2B7BAC7A006D88EC /* RegisterBook.swift */,
				C5DF2B832B7F8E740069B64D /* BookInfo.swift */,
				C5CEA8932B8A66D8007A89A2 /* BookInfo_Review.swift */,
			);
			path = Views;
			sourceTree = "<group>";
		};
		C595A1FE2B7BAC69006D88EC /* Helpers */ = {
			isa = PBXGroup;
			children = (
				C595A2012B7BCB10006D88EC /* SelectBookTypeView.swift */,
				C51556C22B830402006FD0F2 /* BookInfoBottomButtonView.swift */,
				C51556C72B83BA7E006FD0F2 /* BasicBookInfoView.swift */,
				C51556C92B83C9FB006FD0F2 /* SelectReviewClusterView.swift */,
				C51C1DD02B83E7B500B45345 /* CommentHScrollView.swift */,
				C58F57182B8D001F004085A5 /* CommentReactionView.swift */,
				C5338FA32B8DD76900D24B5F /* CommentReactionToken.swift */,
				C5338FA52B8DD89C00D24B5F /* EmojiSelectPopover.swift */,
				C5338FA72B8E1B1600D24B5F /* CommentRowView.swift */,
			);
			path = Helpers;
			sourceTree = "<group>";
		};
		C5BB8B632B7CF3A500A49858 /* SearchLocation */ = {
			isa = PBXGroup;
			children = (
				C5BB8B642B7CF3AC00A49858 /* Views */,
			);
			path = SearchLocation;
			sourceTree = "<group>";
		};
		C5BB8B642B7CF3AC00A49858 /* Views */ = {
			isa = PBXGroup;
			children = (
				C5BB8B652B7CF3CE00A49858 /* SearchLocation.swift */,
			);
			path = Views;
			sourceTree = "<group>";
		};
		C5BE52182B68F53E00FF07F8 = {
			isa = PBXGroup;
			children = (
				C5BE52232B68F53E00FF07F8 /* ReadingFrame */,
				C5BE52222B68F53E00FF07F8 /* Products */,
			);
			sourceTree = "<group>";
		};
		C5BE52222B68F53E00FF07F8 /* Products */ = {
			isa = PBXGroup;
			children = (
				C5BE52212B68F53E00FF07F8 /* ReadingFrame.app */,
			);
			name = Products;
			sourceTree = "<group>";
		};
		C5BE52232B68F53E00FF07F8 /* ReadingFrame */ = {
			isa = PBXGroup;
			children = (
				C561F1D22BAB04E1005A680B /* SignUp */,
				C5BE52332B68F68100FF07F8 /* Info.plist */,
				C5BE52322B68F60300FF07F8 /* ReadingFrame.entitlements */,
				C5BE52242B68F53E00FF07F8 /* ReadingFrameApp.swift */,
				C595A1E12B7A9FB7006D88EC /* Common */,
				C595A1ED2B7B1EFC006D88EC /* Launch */,
				C595A1E32B7A9FCF006D88EC /* MainPage */,
				E751FDF32B7DFD92003A8030 /* Search */,
				C595A1FC2B7BABD6006D88EC /* BookInfo */,
				E702A9B12B864D0C0081F65D /* ReadingNote */,
				C595A1E52B7A9FE9006D88EC /* BookMap */,
				C595A1E92B7AA00F006D88EC /* MyPage */,
				C5BB8B632B7CF3A500A49858 /* SearchLocation */,
				C595A1DC2B7A89D8006D88EC /* Resources */,
				C5BE522A2B68F54000FF07F8 /* Preview Content */,
			);
			path = ReadingFrame;
			sourceTree = "<group>";
		};
		C5BE522A2B68F54000FF07F8 /* Preview Content */ = {
			isa = PBXGroup;
			children = (
				C5BE522B2B68F54000FF07F8 /* Preview Assets.xcassets */,
			);
			path = "Preview Content";
			sourceTree = "<group>";
		};
		E702A9B12B864D0C0081F65D /* ReadingNote */ = {
			isa = PBXGroup;
			children = (
				E702A9B22B864D270081F65D /* Views */,
			);
			path = ReadingNote;
			sourceTree = "<group>";
		};
		E702A9B22B864D270081F65D /* Views */ = {
			isa = PBXGroup;
			children = (
				E702A9B32B864D330081F65D /* ReadingNote.swift */,
			);
			path = Views;
			sourceTree = "<group>";
		};
		E716315D2B7C980500BCD302 /* Helpers */ = {
			isa = PBXGroup;
			children = (
				E702A9A72B85CAF50081F65D /* ReadingItemView.swift */,
				E702A9AD2B8605D10081F65D /* ReadingRowView.swift */,
				E716315E2B7C982600BCD302 /* BookItemView.swift */,
				E71631602B7CD08B00BCD302 /* WantToReadRowView.swift */,
				E751B56D2B8E0D3100880123 /* FinishReadRowView.swift */,
				E7F6D81B2BA6D8C000181586 /* ReadingItemDetailView.swift */,
				E7F6D81D2BA6D92E00181586 /* BookRowDetailView.swift */,
				E702A9AB2B85FB2F0081F65D /* ReadingLabel.swift */,
				E702A9AF2B86219C0081F65D /* PageIndicator.swift */,
			);
			path = Helpers;
			sourceTree = "<group>";
		};
		E751FDF32B7DFD92003A8030 /* Search */ = {
			isa = PBXGroup;
			children = (
				E751FDF42B7DFDBA003A8030 /* Views */,
			);
			path = Search;
			sourceTree = "<group>";
		};
		E751FDF42B7DFDBA003A8030 /* Views */ = {
			isa = PBXGroup;
			children = (
				E7A0DD2D2B7B617E006004B5 /* SearchView.swift */,
			);
			path = Views;
			sourceTree = "<group>";
		};
		E7A0DD282B7B49F2006004B5 /* Helpers */ = {
			isa = PBXGroup;
			children = (
				C595A2032B7BDE87006D88EC /* DatePickerInList.swift */,
				C5DF2B852B7FC94D0069B64D /* Badge_Info.swift */,
				E7A0DD292B7B4B12006004B5 /* SearchBar.swift */,
				E7A0DD2F2B7B6B5B006004B5 /* HomeSegmentedControl.swift */,
				E71631622B7CF1A900BCD302 /* LoadableBookImage.swift */,
				E702A9A92B85F0ED0081F65D /* ReadingPercentBar.swift */,
				C5CEA8912B8A5CCA007A89A2 /* WrapLayout.swift */,
				E751B5712B8EC6B000880123 /* DragIndicator.swift */,
				E751B5732B8ED1D100880123 /* DateRange.swift */,
				C5BAF29C2BA49F0800DC33FE /* GreyLogoAndTextView.swift */,
			);
			path = Helpers;
			sourceTree = "<group>";
		};
/* End PBXGroup section */

/* Begin PBXNativeTarget section */
		C5BE52202B68F53E00FF07F8 /* ReadingFrame */ = {
			isa = PBXNativeTarget;
			buildConfigurationList = C5BE522F2B68F54000FF07F8 /* Build configuration list for PBXNativeTarget "ReadingFrame" */;
			buildPhases = (
				C5BE521D2B68F53E00FF07F8 /* Sources */,
				C5BE521E2B68F53E00FF07F8 /* Frameworks */,
				C5BE521F2B68F53E00FF07F8 /* Resources */,
			);
			buildRules = (
			);
			dependencies = (
			);
			name = ReadingFrame;
			productName = ReadingFrame;
			productReference = C5BE52212B68F53E00FF07F8 /* ReadingFrame.app */;
			productType = "com.apple.product-type.application";
		};
/* End PBXNativeTarget section */

/* Begin PBXProject section */
		C5BE52192B68F53E00FF07F8 /* Project object */ = {
			isa = PBXProject;
			attributes = {
				BuildIndependentTargetsInParallel = 1;
				LastSwiftUpdateCheck = 1520;
				LastUpgradeCheck = 1520;
				TargetAttributes = {
					C5BE52202B68F53E00FF07F8 = {
						CreatedOnToolsVersion = 15.2;
					};
				};
			};
			buildConfigurationList = C5BE521C2B68F53E00FF07F8 /* Build configuration list for PBXProject "ReadingFrame" */;
			compatibilityVersion = "Xcode 14.0";
			developmentRegion = ko;
			hasScannedForEncodings = 0;
			knownRegions = (
				en,
				Base,
				ko,
			);
			mainGroup = C5BE52182B68F53E00FF07F8;
			productRefGroup = C5BE52222B68F53E00FF07F8 /* Products */;
			projectDirPath = "";
			projectRoot = "";
			targets = (
				C5BE52202B68F53E00FF07F8 /* ReadingFrame */,
			);
		};
/* End PBXProject section */

/* Begin PBXResourcesBuildPhase section */
		C5BE521F2B68F53E00FF07F8 /* Resources */ = {
			isa = PBXResourcesBuildPhase;
			buildActionMask = 2147483647;
			files = (
				C5BE522C2B68F54000FF07F8 /* Preview Assets.xcassets in Resources */,
				C5BE52292B68F54000FF07F8 /* Assets.xcassets in Resources */,
			);
			runOnlyForDeploymentPostprocessing = 0;
		};
/* End PBXResourcesBuildPhase section */

/* Begin PBXSourcesBuildPhase section */
		C5BE521D2B68F53E00FF07F8 /* Sources */ = {
			isa = PBXSourcesBuildPhase;
			buildActionMask = 2147483647;
			files = (
				C595A2002B7BAC7A006D88EC /* RegisterBook.swift in Sources */,
				C595A1FB2B7B8A3F006D88EC /* Book.swift in Sources */,
				C5CEA8922B8A5CCA007A89A2 /* WrapLayout.swift in Sources */,
				C518A8AB2B8132F800EBD1A8 /* Review.swift in Sources */,
				E7A0DD2C2B7B52A7006004B5 /* Fonts.swift in Sources */,
				E7F6D81C2BA6D8C000181586 /* ReadingItemDetailView.swift in Sources */,
				C58F57192B8D001F004085A5 /* CommentReactionView.swift in Sources */,
				E702A9B42B864D330081F65D /* ReadingNote.swift in Sources */,
				E7A0DD302B7B6B5B006004B5 /* HomeSegmentedControl.swift in Sources */,
				E702A9AC2B85FB2F0081F65D /* ReadingLabel.swift in Sources */,
				E751B5722B8EC6B000880123 /* DragIndicator.swift in Sources */,
				E751B56E2B8E0D3100880123 /* FinishReadRowView.swift in Sources */,
				E7F6D81E2BA6D92E00181586 /* BookRowDetailView.swift in Sources */,
				E716315F2B7C982600BCD302 /* BookItemView.swift in Sources */,
				E71631612B7CD08B00BCD302 /* WantToReadRowView.swift in Sources */,
				E702A9B02B86219C0081F65D /* PageIndicator.swift in Sources */,
				C5BAF29D2BA49F0800DC33FE /* GreyLogoAndTextView.swift in Sources */,
				E7A0DD2E2B7B617E006004B5 /* SearchView.swift in Sources */,
				C5338FA42B8DD76900D24B5F /* CommentReactionToken.swift in Sources */,
				C51C1DD12B83E7B500B45345 /* CommentHScrollView.swift in Sources */,
				C5DF2B862B7FC94D0069B64D /* Badge_Info.swift in Sources */,
				C51556CA2B83C9FB006FD0F2 /* SelectReviewClusterView.swift in Sources */,
				E7A0DD2A2B7B4B12006004B5 /* SearchBar.swift in Sources */,
				C595A2022B7BCB10006D88EC /* SelectBookTypeView.swift in Sources */,
				C5BE52272B68F53E00FF07F8 /* LaunchView.swift in Sources */,
				C5BE52252B68F53E00FF07F8 /* ReadingFrameApp.swift in Sources */,
				C595A1EC2B7AA01E006D88EC /* MyPage.swift in Sources */,
				E790FA2A2B81F25200EA38C6 /* Home.swift in Sources */,
				C595A1E82B7A9FFB006D88EC /* BookMap.swift in Sources */,
				C51556C32B830402006FD0F2 /* BookInfoBottomButtonView.swift in Sources */,
				C595A1DE2B7A9DD6006D88EC /* AppTabView.swift in Sources */,
				E702A9AE2B8605D10081F65D /* ReadingRowView.swift in Sources */,
				E71631632B7CF1A900BCD302 /* LoadableBookImage.swift in Sources */,
				E751B5742B8ED1D100880123 /* DateRange.swift in Sources */,
				C5338FA82B8E1B1600D24B5F /* CommentRowView.swift in Sources */,
				E702A9AA2B85F0ED0081F65D /* ReadingPercentBar.swift in Sources */,
				C5338FA62B8DD89C00D24B5F /* EmojiSelectPopover.swift in Sources */,
				C58F57172B8CF35D004085A5 /* BookInfo_ReviewModel.swift in Sources */,
				C5CEA8942B8A66D8007A89A2 /* BookInfo_Review.swift in Sources */,
				C595A2042B7BDE87006D88EC /* DatePickerInList.swift in Sources */,
				C561F1D52BAB0519005A680B /* EnterNickname.swift in Sources */,
				C51556C82B83BA7E006FD0F2 /* BasicBookInfoView.swift in Sources */,
				C5BB8B662B7CF3CE00A49858 /* SearchLocation.swift in Sources */,
				C5DF2B842B7F8E740069B64D /* BookInfo.swift in Sources */,
				C51556C62B839367006FD0F2 /* BookInfoModel.swift in Sources */,
				E751B5702B8EC61A00880123 /* EditBookmark.swift in Sources */,
				E702A9A82B85CAF50081F65D /* ReadingItemView.swift in Sources */,
				C595A1E02B7A9E59006D88EC /* MainPage.swift in Sources */,
			);
			runOnlyForDeploymentPostprocessing = 0;
		};
/* End PBXSourcesBuildPhase section */

/* Begin XCBuildConfiguration section */
		C5BE522D2B68F54000FF07F8 /* Debug */ = {
			isa = XCBuildConfiguration;
			buildSettings = {
				ALWAYS_SEARCH_USER_PATHS = NO;
				ASSETCATALOG_COMPILER_GENERATE_SWIFT_ASSET_SYMBOL_EXTENSIONS = YES;
				CLANG_ANALYZER_NONNULL = YES;
				CLANG_ANALYZER_NUMBER_OBJECT_CONVERSION = YES_AGGRESSIVE;
				CLANG_CXX_LANGUAGE_STANDARD = "gnu++20";
				CLANG_ENABLE_MODULES = YES;
				CLANG_ENABLE_OBJC_ARC = YES;
				CLANG_ENABLE_OBJC_WEAK = YES;
				CLANG_WARN_BLOCK_CAPTURE_AUTORELEASING = YES;
				CLANG_WARN_BOOL_CONVERSION = YES;
				CLANG_WARN_COMMA = YES;
				CLANG_WARN_CONSTANT_CONVERSION = YES;
				CLANG_WARN_DEPRECATED_OBJC_IMPLEMENTATIONS = YES;
				CLANG_WARN_DIRECT_OBJC_ISA_USAGE = YES_ERROR;
				CLANG_WARN_DOCUMENTATION_COMMENTS = YES;
				CLANG_WARN_EMPTY_BODY = YES;
				CLANG_WARN_ENUM_CONVERSION = YES;
				CLANG_WARN_INFINITE_RECURSION = YES;
				CLANG_WARN_INT_CONVERSION = YES;
				CLANG_WARN_NON_LITERAL_NULL_CONVERSION = YES;
				CLANG_WARN_OBJC_IMPLICIT_RETAIN_SELF = YES;
				CLANG_WARN_OBJC_LITERAL_CONVERSION = YES;
				CLANG_WARN_OBJC_ROOT_CLASS = YES_ERROR;
				CLANG_WARN_QUOTED_INCLUDE_IN_FRAMEWORK_HEADER = YES;
				CLANG_WARN_RANGE_LOOP_ANALYSIS = YES;
				CLANG_WARN_STRICT_PROTOTYPES = YES;
				CLANG_WARN_SUSPICIOUS_MOVE = YES;
				CLANG_WARN_UNGUARDED_AVAILABILITY = YES_AGGRESSIVE;
				CLANG_WARN_UNREACHABLE_CODE = YES;
				CLANG_WARN__DUPLICATE_METHOD_MATCH = YES;
				COPY_PHASE_STRIP = NO;
				DEBUG_INFORMATION_FORMAT = dwarf;
				ENABLE_STRICT_OBJC_MSGSEND = YES;
				ENABLE_TESTABILITY = YES;
				ENABLE_USER_SCRIPT_SANDBOXING = YES;
				GCC_C_LANGUAGE_STANDARD = gnu17;
				GCC_DYNAMIC_NO_PIC = NO;
				GCC_NO_COMMON_BLOCKS = YES;
				GCC_OPTIMIZATION_LEVEL = 0;
				GCC_PREPROCESSOR_DEFINITIONS = (
					"DEBUG=1",
					"$(inherited)",
				);
				GCC_WARN_64_TO_32_BIT_CONVERSION = YES;
				GCC_WARN_ABOUT_RETURN_TYPE = YES_ERROR;
				GCC_WARN_UNDECLARED_SELECTOR = YES;
				GCC_WARN_UNINITIALIZED_AUTOS = YES_AGGRESSIVE;
				GCC_WARN_UNUSED_FUNCTION = YES;
				GCC_WARN_UNUSED_VARIABLE = YES;
				IPHONEOS_DEPLOYMENT_TARGET = 17.2;
				LOCALIZATION_PREFERS_STRING_CATALOGS = YES;
				MTL_ENABLE_DEBUG_INFO = INCLUDE_SOURCE;
				MTL_FAST_MATH = YES;
				ONLY_ACTIVE_ARCH = YES;
				SDKROOT = iphoneos;
				SWIFT_ACTIVE_COMPILATION_CONDITIONS = "DEBUG $(inherited)";
				SWIFT_OPTIMIZATION_LEVEL = "-Onone";
			};
			name = Debug;
		};
		C5BE522E2B68F54000FF07F8 /* Release */ = {
			isa = XCBuildConfiguration;
			buildSettings = {
				ALWAYS_SEARCH_USER_PATHS = NO;
				ASSETCATALOG_COMPILER_GENERATE_SWIFT_ASSET_SYMBOL_EXTENSIONS = YES;
				CLANG_ANALYZER_NONNULL = YES;
				CLANG_ANALYZER_NUMBER_OBJECT_CONVERSION = YES_AGGRESSIVE;
				CLANG_CXX_LANGUAGE_STANDARD = "gnu++20";
				CLANG_ENABLE_MODULES = YES;
				CLANG_ENABLE_OBJC_ARC = YES;
				CLANG_ENABLE_OBJC_WEAK = YES;
				CLANG_WARN_BLOCK_CAPTURE_AUTORELEASING = YES;
				CLANG_WARN_BOOL_CONVERSION = YES;
				CLANG_WARN_COMMA = YES;
				CLANG_WARN_CONSTANT_CONVERSION = YES;
				CLANG_WARN_DEPRECATED_OBJC_IMPLEMENTATIONS = YES;
				CLANG_WARN_DIRECT_OBJC_ISA_USAGE = YES_ERROR;
				CLANG_WARN_DOCUMENTATION_COMMENTS = YES;
				CLANG_WARN_EMPTY_BODY = YES;
				CLANG_WARN_ENUM_CONVERSION = YES;
				CLANG_WARN_INFINITE_RECURSION = YES;
				CLANG_WARN_INT_CONVERSION = YES;
				CLANG_WARN_NON_LITERAL_NULL_CONVERSION = YES;
				CLANG_WARN_OBJC_IMPLICIT_RETAIN_SELF = YES;
				CLANG_WARN_OBJC_LITERAL_CONVERSION = YES;
				CLANG_WARN_OBJC_ROOT_CLASS = YES_ERROR;
				CLANG_WARN_QUOTED_INCLUDE_IN_FRAMEWORK_HEADER = YES;
				CLANG_WARN_RANGE_LOOP_ANALYSIS = YES;
				CLANG_WARN_STRICT_PROTOTYPES = YES;
				CLANG_WARN_SUSPICIOUS_MOVE = YES;
				CLANG_WARN_UNGUARDED_AVAILABILITY = YES_AGGRESSIVE;
				CLANG_WARN_UNREACHABLE_CODE = YES;
				CLANG_WARN__DUPLICATE_METHOD_MATCH = YES;
				COPY_PHASE_STRIP = NO;
				DEBUG_INFORMATION_FORMAT = "dwarf-with-dsym";
				ENABLE_NS_ASSERTIONS = NO;
				ENABLE_STRICT_OBJC_MSGSEND = YES;
				ENABLE_USER_SCRIPT_SANDBOXING = YES;
				GCC_C_LANGUAGE_STANDARD = gnu17;
				GCC_NO_COMMON_BLOCKS = YES;
				GCC_WARN_64_TO_32_BIT_CONVERSION = YES;
				GCC_WARN_ABOUT_RETURN_TYPE = YES_ERROR;
				GCC_WARN_UNDECLARED_SELECTOR = YES;
				GCC_WARN_UNINITIALIZED_AUTOS = YES_AGGRESSIVE;
				GCC_WARN_UNUSED_FUNCTION = YES;
				GCC_WARN_UNUSED_VARIABLE = YES;
				IPHONEOS_DEPLOYMENT_TARGET = 17.2;
				LOCALIZATION_PREFERS_STRING_CATALOGS = YES;
				MTL_ENABLE_DEBUG_INFO = NO;
				MTL_FAST_MATH = YES;
				SDKROOT = iphoneos;
				SWIFT_COMPILATION_MODE = wholemodule;
				VALIDATE_PRODUCT = YES;
			};
			name = Release;
		};
		C5BE52302B68F54000FF07F8 /* Debug */ = {
			isa = XCBuildConfiguration;
			buildSettings = {
				ASSETCATALOG_COMPILER_APPICON_NAME = AppIcon;
				ASSETCATALOG_COMPILER_GLOBAL_ACCENT_COLOR_NAME = AccentColor;
				CODE_SIGN_ENTITLEMENTS = ReadingFrame/ReadingFrame.entitlements;
				"CODE_SIGN_IDENTITY[sdk=iphoneos*]" = "iPhone Developer";
				CODE_SIGN_STYLE = Manual;
				CURRENT_PROJECT_VERSION = 1;
				DEVELOPMENT_ASSET_PATHS = "\"ReadingFrame/Preview Content\"";
				DEVELOPMENT_TEAM = "";
				"DEVELOPMENT_TEAM[sdk=iphoneos*]" = ZUGAVD3728;
				ENABLE_PREVIEWS = YES;
				GENERATE_INFOPLIST_FILE = YES;
				INFOPLIST_FILE = ReadingFrame/Info.plist;
				INFOPLIST_KEY_CFBundleDisplayName = "리딩프레임";
				INFOPLIST_KEY_LSApplicationCategoryType = "public.app-category.books";
				INFOPLIST_KEY_UIApplicationSceneManifest_Generation = YES;
				INFOPLIST_KEY_UIApplicationSupportsIndirectInputEvents = YES;
				INFOPLIST_KEY_UILaunchScreen_Generation = YES;
				INFOPLIST_KEY_UILaunchStoryboardName = "";
				INFOPLIST_KEY_UISupportedInterfaceOrientations_iPad = "UIInterfaceOrientationPortrait UIInterfaceOrientationPortraitUpsideDown UIInterfaceOrientationLandscapeLeft UIInterfaceOrientationLandscapeRight";
				INFOPLIST_KEY_UISupportedInterfaceOrientations_iPhone = "UIInterfaceOrientationPortrait UIInterfaceOrientationLandscapeLeft UIInterfaceOrientationLandscapeRight";
				IPHONEOS_DEPLOYMENT_TARGET = 17.0;
				LD_RUNPATH_SEARCH_PATHS = (
					"$(inherited)",
					"@executable_path/Frameworks",
				);
				MARKETING_VERSION = 1.0;
				PRODUCT_BUNDLE_IDENTIFIER = com.CodeCozy.ReadingFrame;
				PRODUCT_NAME = "$(TARGET_NAME)";
				PROVISIONING_PROFILE_SPECIFIER = "";
				"PROVISIONING_PROFILE_SPECIFIER[sdk=iphoneos*]" = ReadingFrame_iOS_Development;
				SUPPORTED_PLATFORMS = "iphoneos iphonesimulator";
				SUPPORTS_MACCATALYST = NO;
				SUPPORTS_XR_DESIGNED_FOR_IPHONE_IPAD = NO;
				SWIFT_EMIT_LOC_STRINGS = YES;
				SWIFT_VERSION = 5.0;
				TARGETED_DEVICE_FAMILY = "1,2";
			};
			name = Debug;
		};
		C5BE52312B68F54000FF07F8 /* Release */ = {
			isa = XCBuildConfiguration;
			buildSettings = {
				ASSETCATALOG_COMPILER_APPICON_NAME = AppIcon;
				ASSETCATALOG_COMPILER_GLOBAL_ACCENT_COLOR_NAME = AccentColor;
				CODE_SIGN_ENTITLEMENTS = ReadingFrame/ReadingFrame.entitlements;
				"CODE_SIGN_IDENTITY[sdk=iphoneos*]" = "iPhone Developer";
				CODE_SIGN_STYLE = Manual;
				CURRENT_PROJECT_VERSION = 1;
				DEVELOPMENT_ASSET_PATHS = "\"ReadingFrame/Preview Content\"";
				DEVELOPMENT_TEAM = "";
				"DEVELOPMENT_TEAM[sdk=iphoneos*]" = ZUGAVD3728;
				ENABLE_PREVIEWS = YES;
				GENERATE_INFOPLIST_FILE = YES;
				INFOPLIST_FILE = ReadingFrame/Info.plist;
				INFOPLIST_KEY_CFBundleDisplayName = "리딩프레임";
				INFOPLIST_KEY_LSApplicationCategoryType = "public.app-category.books";
				INFOPLIST_KEY_UIApplicationSceneManifest_Generation = YES;
				INFOPLIST_KEY_UIApplicationSupportsIndirectInputEvents = YES;
				INFOPLIST_KEY_UILaunchScreen_Generation = YES;
				INFOPLIST_KEY_UILaunchStoryboardName = "";
				INFOPLIST_KEY_UISupportedInterfaceOrientations_iPad = "UIInterfaceOrientationPortrait UIInterfaceOrientationPortraitUpsideDown UIInterfaceOrientationLandscapeLeft UIInterfaceOrientationLandscapeRight";
				INFOPLIST_KEY_UISupportedInterfaceOrientations_iPhone = "UIInterfaceOrientationPortrait UIInterfaceOrientationLandscapeLeft UIInterfaceOrientationLandscapeRight";
				IPHONEOS_DEPLOYMENT_TARGET = 17.0;
				LD_RUNPATH_SEARCH_PATHS = (
					"$(inherited)",
					"@executable_path/Frameworks",
				);
				MARKETING_VERSION = 1.0;
				PRODUCT_BUNDLE_IDENTIFIER = com.CodeCozy.ReadingFrame;
				PRODUCT_NAME = "$(TARGET_NAME)";
				PROVISIONING_PROFILE_SPECIFIER = "";
				"PROVISIONING_PROFILE_SPECIFIER[sdk=iphoneos*]" = ReadingFrame_iOS_Development;
				SUPPORTED_PLATFORMS = "iphoneos iphonesimulator";
				SUPPORTS_MACCATALYST = NO;
				SUPPORTS_XR_DESIGNED_FOR_IPHONE_IPAD = NO;
				SWIFT_EMIT_LOC_STRINGS = YES;
				SWIFT_VERSION = 5.0;
				TARGETED_DEVICE_FAMILY = "1,2";
			};
			name = Release;
		};
/* End XCBuildConfiguration section */

/* Begin XCConfigurationList section */
		C5BE521C2B68F53E00FF07F8 /* Build configuration list for PBXProject "ReadingFrame" */ = {
			isa = XCConfigurationList;
			buildConfigurations = (
				C5BE522D2B68F54000FF07F8 /* Debug */,
				C5BE522E2B68F54000FF07F8 /* Release */,
			);
			defaultConfigurationIsVisible = 0;
			defaultConfigurationName = Release;
		};
		C5BE522F2B68F54000FF07F8 /* Build configuration list for PBXNativeTarget "ReadingFrame" */ = {
			isa = XCConfigurationList;
			buildConfigurations = (
				C5BE52302B68F54000FF07F8 /* Debug */,
				C5BE52312B68F54000FF07F8 /* Release */,
			);
			defaultConfigurationIsVisible = 0;
			defaultConfigurationName = Release;
		};
/* End XCConfigurationList section */
	};
	rootObject = C5BE52192B68F53E00FF07F8 /* Project object */;
}
