// !$*UTF8*$!
{
	archiveVersion = 1;
	classes = {
	};
	objectVersion = 56;
	objects = {

/* Begin PBXBuildFile section */
		C50F7A0B2C71D70100D65BFB /* Login.swift in Sources */ = {isa = PBXBuildFile; fileRef = C50F7A0A2C71D70100D65BFB /* Login.swift */; };
		C50F7A0E2C73907200D65BFB /* KeyChainService.swift in Sources */ = {isa = PBXBuildFile; fileRef = C50F7A0D2C73907200D65BFB /* KeyChainService.swift */; };
		C51556C32B830402006FD0F2 /* BookInfoBottomButtonView.swift in Sources */ = {isa = PBXBuildFile; fileRef = C51556C22B830402006FD0F2 /* BookInfoBottomButtonView.swift */; };
		C51556C62B839367006FD0F2 /* BookInfoModel.swift in Sources */ = {isa = PBXBuildFile; fileRef = C51556C52B839367006FD0F2 /* BookInfoModel.swift */; };
		C51556C82B83BA7E006FD0F2 /* BasicBookInfoView.swift in Sources */ = {isa = PBXBuildFile; fileRef = C51556C72B83BA7E006FD0F2 /* BasicBookInfoView.swift */; };
		C51556CA2B83C9FB006FD0F2 /* SelectReviewClusterView.swift in Sources */ = {isa = PBXBuildFile; fileRef = C51556C92B83C9FB006FD0F2 /* SelectReviewClusterView.swift */; };
		C518A8AB2B8132F800EBD1A8 /* Review.swift in Sources */ = {isa = PBXBuildFile; fileRef = C518A8AA2B8132F800EBD1A8 /* Review.swift */; };
		C51C1DD12B83E7B500B45345 /* CommentHScrollView.swift in Sources */ = {isa = PBXBuildFile; fileRef = C51C1DD02B83E7B500B45345 /* CommentHScrollView.swift */; };
		C523ABE72C859CB600C4D9F8 /* BookShelfListRowView.swift in Sources */ = {isa = PBXBuildFile; fileRef = C523ABE62C859CB600C4D9F8 /* BookShelfListRowView.swift */; };
		C52EC5992C308162004F6BDB /* BookMapViewModel.swift in Sources */ = {isa = PBXBuildFile; fileRef = C52EC5982C308162004F6BDB /* BookMapViewModel.swift */; };
		C52EC59B2C308181004F6BDB /* BookLocationData.swift in Sources */ = {isa = PBXBuildFile; fileRef = C52EC59A2C308181004F6BDB /* BookLocationData.swift */; };
		C52EC59D2C3081EE004F6BDB /* BookMapModel.swift in Sources */ = {isa = PBXBuildFile; fileRef = C52EC59C2C3081EE004F6BDB /* BookMapModel.swift */; };
		C52EC59F2C308258004F6BDB /* LocationManager.swift in Sources */ = {isa = PBXBuildFile; fileRef = C52EC59E2C308258004F6BDB /* LocationManager.swift */; };
		C52EC5A12C3082D6004F6BDB /* AnnotationView.swift in Sources */ = {isa = PBXBuildFile; fileRef = C52EC5A02C3082D6004F6BDB /* AnnotationView.swift */; };
		C5338FA42B8DD76900D24B5F /* CommentReactionToken.swift in Sources */ = {isa = PBXBuildFile; fileRef = C5338FA32B8DD76900D24B5F /* CommentReactionToken.swift */; };
		C5338FA62B8DD89C00D24B5F /* EmojiSelectPopover.swift in Sources */ = {isa = PBXBuildFile; fileRef = C5338FA52B8DD89C00D24B5F /* EmojiSelectPopover.swift */; };
		C5338FA82B8E1B1600D24B5F /* CommentRowView.swift in Sources */ = {isa = PBXBuildFile; fileRef = C5338FA72B8E1B1600D24B5F /* CommentRowView.swift */; };
		C53A34B22C37D99A008A88F0 /* BottomSheetHelper.swift in Sources */ = {isa = PBXBuildFile; fileRef = C53A34B12C37D99A008A88F0 /* BottomSheetHelper.swift */; };
		C54B93182C4FF6BD008B73E0 /* SearchLocationManager.swift in Sources */ = {isa = PBXBuildFile; fileRef = C54B93172C4FF6BD008B73E0 /* SearchLocationManager.swift */; };
		C54B931B2C4FF772008B73E0 /* recentlySearchedLocationsData.swift in Sources */ = {isa = PBXBuildFile; fileRef = C54B931A2C4FF772008B73E0 /* recentlySearchedLocationsData.swift */; };
		C54B931E2C4FF7A4008B73E0 /* SearchLocationModel.swift in Sources */ = {isa = PBXBuildFile; fileRef = C54B931D2C4FF7A4008B73E0 /* SearchLocationModel.swift */; };
		C54B93202C4FF80A008B73E0 /* SearchLocationMap.swift in Sources */ = {isa = PBXBuildFile; fileRef = C54B931F2C4FF80A008B73E0 /* SearchLocationMap.swift */; };
		C54B93222C4FF841008B73E0 /* SearchMapViewHelper.swift in Sources */ = {isa = PBXBuildFile; fileRef = C54B93212C4FF841008B73E0 /* SearchMapViewHelper.swift */; };
		C54B93262C500A35008B73E0 /* BookShelf.swift in Sources */ = {isa = PBXBuildFile; fileRef = C54B93252C500A35008B73E0 /* BookShelf.swift */; };
		C54B93282C500A54008B73E0 /* BookShelfListByType.swift in Sources */ = {isa = PBXBuildFile; fileRef = C54B93272C500A54008B73E0 /* BookShelfListByType.swift */; };
		C54B932B2C500AD0008B73E0 /* BookshelfModel.swift in Sources */ = {isa = PBXBuildFile; fileRef = C54B932A2C500AD0008B73E0 /* BookshelfModel.swift */; };
		C54B932E2C500FCD008B73E0 /* BookShelfView.swift in Sources */ = {isa = PBXBuildFile; fileRef = C54B932D2C500FCD008B73E0 /* BookShelfView.swift */; };
		C5529F1B2BBD7AB300C3E614 /* EnterProfile.swift in Sources */ = {isa = PBXBuildFile; fileRef = C5529F1A2BBD7AB300C3E614 /* EnterProfile.swift */; };
		C56B56062BB95DA80084F2DD /* EnterNickname.swift in Sources */ = {isa = PBXBuildFile; fileRef = C56B56052BB95DA80084F2DD /* EnterNickname.swift */; };
		C576DD532C79828F001AFFFA /* NicknameTextfieldStyle.swift in Sources */ = {isa = PBXBuildFile; fileRef = C576DD522C79828F001AFFFA /* NicknameTextfieldStyle.swift */; };
		C576DD562C7F0CEF001AFFFA /* SignUpModel.swift in Sources */ = {isa = PBXBuildFile; fileRef = C576DD552C7F0CEF001AFFFA /* SignUpModel.swift */; };
		C58F57172B8CF35D004085A5 /* BookInfo_ReviewModel.swift in Sources */ = {isa = PBXBuildFile; fileRef = C58F57162B8CF35D004085A5 /* BookInfo_ReviewModel.swift */; };
		C58F57192B8D001F004085A5 /* CommentReactionView.swift in Sources */ = {isa = PBXBuildFile; fileRef = C58F57182B8D001F004085A5 /* CommentReactionView.swift */; };
		C595A1DE2B7A9DD6006D88EC /* AppTabView.swift in Sources */ = {isa = PBXBuildFile; fileRef = C595A1DD2B7A9DD6006D88EC /* AppTabView.swift */; };
		C595A1E02B7A9E59006D88EC /* MainPage.swift in Sources */ = {isa = PBXBuildFile; fileRef = C595A1DF2B7A9E59006D88EC /* MainPage.swift */; };
		C595A1E82B7A9FFB006D88EC /* BookMap.swift in Sources */ = {isa = PBXBuildFile; fileRef = C595A1E72B7A9FFB006D88EC /* BookMap.swift */; };
		C595A1EC2B7AA01E006D88EC /* MyPage.swift in Sources */ = {isa = PBXBuildFile; fileRef = C595A1EB2B7AA01E006D88EC /* MyPage.swift */; };
		C595A1FB2B7B8A3F006D88EC /* Book.swift in Sources */ = {isa = PBXBuildFile; fileRef = C595A1FA2B7B8A3F006D88EC /* Book.swift */; };
		C595A2002B7BAC7A006D88EC /* RegisterBook.swift in Sources */ = {isa = PBXBuildFile; fileRef = C595A1FF2B7BAC7A006D88EC /* RegisterBook.swift */; };
		C595A2022B7BCB10006D88EC /* SelectBookTypeView.swift in Sources */ = {isa = PBXBuildFile; fileRef = C595A2012B7BCB10006D88EC /* SelectBookTypeView.swift */; };
		C595A2042B7BDE87006D88EC /* DatePickerInList.swift in Sources */ = {isa = PBXBuildFile; fileRef = C595A2032B7BDE87006D88EC /* DatePickerInList.swift */; };
		C5A136352C350B8F0061D674 /* BookmapSheetView.swift in Sources */ = {isa = PBXBuildFile; fileRef = C5A136342C350B8F0061D674 /* BookmapSheetView.swift */; };
		C5A136372C350C5A0061D674 /* BookLocationListRow.swift in Sources */ = {isa = PBXBuildFile; fileRef = C5A136362C350C5A0061D674 /* BookLocationListRow.swift */; };
		C5BAF29D2BA49F0800DC33FE /* GreyLogoAndTextView.swift in Sources */ = {isa = PBXBuildFile; fileRef = C5BAF29C2BA49F0800DC33FE /* GreyLogoAndTextView.swift */; };
		C5BB8B662B7CF3CE00A49858 /* SearchLocation.swift in Sources */ = {isa = PBXBuildFile; fileRef = C5BB8B652B7CF3CE00A49858 /* SearchLocation.swift */; };
		C5BE52252B68F53E00FF07F8 /* ReadingFrameApp.swift in Sources */ = {isa = PBXBuildFile; fileRef = C5BE52242B68F53E00FF07F8 /* ReadingFrameApp.swift */; };
		C5BE52272B68F53E00FF07F8 /* LaunchView.swift in Sources */ = {isa = PBXBuildFile; fileRef = C5BE52262B68F53E00FF07F8 /* LaunchView.swift */; };
		C5BE52292B68F54000FF07F8 /* Assets.xcassets in Resources */ = {isa = PBXBuildFile; fileRef = C5BE52282B68F54000FF07F8 /* Assets.xcassets */; };
		C5BE522C2B68F54000FF07F8 /* Preview Assets.xcassets in Resources */ = {isa = PBXBuildFile; fileRef = C5BE522B2B68F54000FF07F8 /* Preview Assets.xcassets */; };
		C5CEA8922B8A5CCA007A89A2 /* WrapLayout.swift in Sources */ = {isa = PBXBuildFile; fileRef = C5CEA8912B8A5CCA007A89A2 /* WrapLayout.swift */; };
		C5CEA8942B8A66D8007A89A2 /* BookInfo_Review.swift in Sources */ = {isa = PBXBuildFile; fileRef = C5CEA8932B8A66D8007A89A2 /* BookInfo_Review.swift */; };
		C5DF2B842B7F8E740069B64D /* BookInfo.swift in Sources */ = {isa = PBXBuildFile; fileRef = C5DF2B832B7F8E740069B64D /* BookInfo.swift */; };
		C5DF2B862B7FC94D0069B64D /* Badge_Info.swift in Sources */ = {isa = PBXBuildFile; fileRef = C5DF2B852B7FC94D0069B64D /* Badge_Info.swift */; };
		C5E3FC8E2C78E5A1007D6BDE /* BookshelfTypePicker.swift in Sources */ = {isa = PBXBuildFile; fileRef = C5E3FC8D2C78E5A1007D6BDE /* BookshelfTypePicker.swift */; };
		C5EB7CEF2C4794DE0038C237 /* SingleBookLocationInfoView.swift in Sources */ = {isa = PBXBuildFile; fileRef = C5EB7CEE2C4794DE0038C237 /* SingleBookLocationInfoView.swift */; };
		E702A9A82B85CAF50081F65D /* ReadingItemView.swift in Sources */ = {isa = PBXBuildFile; fileRef = E702A9A72B85CAF50081F65D /* ReadingItemView.swift */; };
		E702A9AA2B85F0ED0081F65D /* ReadingPercentBar.swift in Sources */ = {isa = PBXBuildFile; fileRef = E702A9A92B85F0ED0081F65D /* ReadingPercentBar.swift */; };
		E702A9AC2B85FB2F0081F65D /* ReadingLabel.swift in Sources */ = {isa = PBXBuildFile; fileRef = E702A9AB2B85FB2F0081F65D /* ReadingLabel.swift */; };
		E702A9AE2B8605D10081F65D /* ReadingRowView.swift in Sources */ = {isa = PBXBuildFile; fileRef = E702A9AD2B8605D10081F65D /* ReadingRowView.swift */; };
		E702A9B02B86219C0081F65D /* PageIndicator.swift in Sources */ = {isa = PBXBuildFile; fileRef = E702A9AF2B86219C0081F65D /* PageIndicator.swift */; };
		E702A9B42B864D330081F65D /* ReadingNote.swift in Sources */ = {isa = PBXBuildFile; fileRef = E702A9B32B864D330081F65D /* ReadingNote.swift */; };
		E70719E62C32393900841A6F /* BookmarkView.swift in Sources */ = {isa = PBXBuildFile; fileRef = E70719E52C32393900841A6F /* BookmarkView.swift */; };
		E70764392C3AD27900373B8D /* MemoView.swift in Sources */ = {isa = PBXBuildFile; fileRef = E70764382C3AD27900373B8D /* MemoView.swift */; };
		E707643B2C3ADEA000373B8D /* CharacterView.swift in Sources */ = {isa = PBXBuildFile; fileRef = E707643A2C3ADEA000373B8D /* CharacterView.swift */; };
		E707643D2C3AF30D00373B8D /* EditAllRecord.swift in Sources */ = {isa = PBXBuildFile; fileRef = E707643C2C3AF30D00373B8D /* EditAllRecord.swift */; };
		E716315F2B7C982600BCD302 /* BookItemView.swift in Sources */ = {isa = PBXBuildFile; fileRef = E716315E2B7C982600BCD302 /* BookItemView.swift */; };
		E71631612B7CD08B00BCD302 /* WantToReadRowView.swift in Sources */ = {isa = PBXBuildFile; fileRef = E71631602B7CD08B00BCD302 /* WantToReadRowView.swift */; };
		E71631632B7CF1A900BCD302 /* LoadableBookImage.swift in Sources */ = {isa = PBXBuildFile; fileRef = E71631622B7CF1A900BCD302 /* LoadableBookImage.swift */; };
		E72060C32C7E0FC2007D3707 /* KakaoSDKAuth in Frameworks */ = {isa = PBXBuildFile; productRef = E72060C22C7E0FC2007D3707 /* KakaoSDKAuth */; };
		E72060C52C7E0FC2007D3707 /* KakaoSDKCommon in Frameworks */ = {isa = PBXBuildFile; productRef = E72060C42C7E0FC2007D3707 /* KakaoSDKCommon */; };
		E72060C72C7E0FC2007D3707 /* KakaoSDKUser in Frameworks */ = {isa = PBXBuildFile; productRef = E72060C62C7E0FC2007D3707 /* KakaoSDKUser */; };
		E7384CFB2C1284DE001B814B /* CustomDropDownMenu.swift in Sources */ = {isa = PBXBuildFile; fileRef = E7384CFA2C1284DE001B814B /* CustomDropDownMenu.swift */; };
		E7384CFD2C128E4B001B814B /* CustomDropDownModifier.swift in Sources */ = {isa = PBXBuildFile; fileRef = E7384CFC2C128E4B001B814B /* CustomDropDownModifier.swift */; };
		E7384CFF2C128E95001B814B /* CustomDropDownHelper.swift in Sources */ = {isa = PBXBuildFile; fileRef = E7384CFE2C128E95001B814B /* CustomDropDownHelper.swift */; };
		E7505C492CBD03410082FE85 /* ReadingBookResponse.swift in Sources */ = {isa = PBXBuildFile; fileRef = E7505C482CBD03410082FE85 /* ReadingBookResponse.swift */; };
		E7505C4B2CBD0C690082FE85 /* DetailBookViewModel.swift in Sources */ = {isa = PBXBuildFile; fileRef = E7505C4A2CBD0C690082FE85 /* DetailBookViewModel.swift */; };
		E7505C4D2CBD12020082FE85 /* ReadingBookModel.swift in Sources */ = {isa = PBXBuildFile; fileRef = E7505C4C2CBD12020082FE85 /* ReadingBookModel.swift */; };
		E751B56E2B8E0D3100880123 /* FinishReadRowView.swift in Sources */ = {isa = PBXBuildFile; fileRef = E751B56D2B8E0D3100880123 /* FinishReadRowView.swift */; };
		E751B5702B8EC61A00880123 /* EditBookmark.swift in Sources */ = {isa = PBXBuildFile; fileRef = E751B56F2B8EC61A00880123 /* EditBookmark.swift */; };
		E751B5722B8EC6B000880123 /* DragIndicator.swift in Sources */ = {isa = PBXBuildFile; fileRef = E751B5712B8EC6B000880123 /* DragIndicator.swift */; };
		E751B5742B8ED1D100880123 /* DateRange.swift in Sources */ = {isa = PBXBuildFile; fileRef = E751B5732B8ED1D100880123 /* DateRange.swift */; };
		E75AE6742BE2634A0056EC26 /* HalfCricleGraph.swift in Sources */ = {isa = PBXBuildFile; fileRef = E75AE6732BE2634A0056EC26 /* HalfCricleGraph.swift */; };
		E75D6B042BEB12100080EBA0 /* RoundedRadiusBox.swift in Sources */ = {isa = PBXBuildFile; fileRef = E75D6B032BEB12100080EBA0 /* RoundedRadiusBox.swift */; };
		E75D6B092BEB5B7E0080EBA0 /* Bookmark.swift in Sources */ = {isa = PBXBuildFile; fileRef = E75D6B082BEB5B7E0080EBA0 /* Bookmark.swift */; };
		E768F0852CE47BB7003E2CB3 /* WantToReadBookResponse.swift in Sources */ = {isa = PBXBuildFile; fileRef = E768F0842CE47BB7003E2CB3 /* WantToReadBookResponse.swift */; };
		E768F0872CE47D5B003E2CB3 /* FinishReadBookResponse.swift in Sources */ = {isa = PBXBuildFile; fileRef = E768F0862CE47D5B003E2CB3 /* FinishReadBookResponse.swift */; };
		E768F0892CE4819F003E2CB3 /* HomeBookResponse.swift in Sources */ = {isa = PBXBuildFile; fileRef = E768F0882CE4819F003E2CB3 /* HomeBookResponse.swift */; };
		E768F08B2CE487E8003E2CB3 /* WantToReadBookModel.swift in Sources */ = {isa = PBXBuildFile; fileRef = E768F08A2CE487E8003E2CB3 /* WantToReadBookModel.swift */; };
		E768F08D2CE48811003E2CB3 /* FinshReadBookModel.swift in Sources */ = {isa = PBXBuildFile; fileRef = E768F08C2CE48811003E2CB3 /* FinshReadBookModel.swift */; };
		E768F08F2CE48CD1003E2CB3 /* HomeBookModel.swift in Sources */ = {isa = PBXBuildFile; fileRef = E768F08E2CE48CD1003E2CB3 /* HomeBookModel.swift */; };
		E768F0972CE51068003E2CB3 /* HiddenReadBookRequest.swift in Sources */ = {isa = PBXBuildFile; fileRef = E768F0962CE51068003E2CB3 /* HiddenReadBookRequest.swift */; };
		E768F0992CE51222003E2CB3 /* ChangeReadingStatusRequest.swift in Sources */ = {isa = PBXBuildFile; fileRef = E768F0982CE51222003E2CB3 /* ChangeReadingStatusRequest.swift */; };
		E768F09B2CE512F8003E2CB3 /* ChangeIsMineRequest.swift in Sources */ = {isa = PBXBuildFile; fileRef = E768F09A2CE512F8003E2CB3 /* ChangeIsMineRequest.swift */; };
		E77394842C637B8D0057760A /* SearchBadge.swift in Sources */ = {isa = PBXBuildFile; fileRef = E77394832C637B8D0057760A /* SearchBadge.swift */; };
		E77394872C6385B80057760A /* Badge.swift in Sources */ = {isa = PBXBuildFile; fileRef = E77394862C6385B80057760A /* Badge.swift */; };
		E773948A2C638CCD0057760A /* BadgeView.swift in Sources */ = {isa = PBXBuildFile; fileRef = E77394892C638CCD0057760A /* BadgeView.swift */; };
		E77E0B8A2C736E8B00626110 /* BadgeRowView.swift in Sources */ = {isa = PBXBuildFile; fileRef = E77E0B892C736E8B00626110 /* BadgeRowView.swift */; };
		E77E0B8F2C7390A400626110 /* BaseAPI.swift in Sources */ = {isa = PBXBuildFile; fileRef = E77E0B8E2C7390A400626110 /* BaseAPI.swift */; };
		E77E0B972C74587A00626110 /* Alamofire in Frameworks */ = {isa = PBXBuildFile; productRef = E77E0B962C74587A00626110 /* Alamofire */; };
		E77E0B9C2C745CA700626110 /* CommonResponse.swift in Sources */ = {isa = PBXBuildFile; fileRef = E77E0B9B2C745CA700626110 /* CommonResponse.swift */; };
		E77E0B9F2C745E4D00626110 /* KakaoSignUpRequest.swift in Sources */ = {isa = PBXBuildFile; fileRef = E77E0B9E2C745E4D00626110 /* KakaoSignUpRequest.swift */; };
		E77E0BA22C74602800626110 /* APIConstants.swift in Sources */ = {isa = PBXBuildFile; fileRef = E77E0BA12C74602800626110 /* APIConstants.swift */; };
		E77E0BA42C74611000626110 /* NetworkResult.swift in Sources */ = {isa = PBXBuildFile; fileRef = E77E0BA32C74611000626110 /* NetworkResult.swift */; };
		E77E0BA62C747A0B00626110 /* KakaoSignUpResponse.swift in Sources */ = {isa = PBXBuildFile; fileRef = E77E0BA52C747A0B00626110 /* KakaoSignUpResponse.swift */; };
		E77E0BAA2C747B1200626110 /* KakaoLoginRequest.swift in Sources */ = {isa = PBXBuildFile; fileRef = E77E0BA92C747B1200626110 /* KakaoLoginRequest.swift */; };
		E77E0BAD2C747B4900626110 /* KakaoLoginResponse.swift in Sources */ = {isa = PBXBuildFile; fileRef = E77E0BAC2C747B4900626110 /* KakaoLoginResponse.swift */; };
		E77E0BB12C747FD900626110 /* APIEventLogger.swift in Sources */ = {isa = PBXBuildFile; fileRef = E77E0BB02C747FD900626110 /* APIEventLogger.swift */; };
		E77E0BB42C7488C800626110 /* HTTPHeaderField.swift in Sources */ = {isa = PBXBuildFile; fileRef = E77E0BB32C7488C800626110 /* HTTPHeaderField.swift */; };
		E77E0BB62C748AC400626110 /* TargetType.swift in Sources */ = {isa = PBXBuildFile; fileRef = E77E0BB52C748AC400626110 /* TargetType.swift */; };
		E77E0BB82C7499A500626110 /* SignUpService.swift in Sources */ = {isa = PBXBuildFile; fileRef = E77E0BB72C7499A500626110 /* SignUpService.swift */; };
		E77E0BBC2C749C7900626110 /* SignUpAPI.swift in Sources */ = {isa = PBXBuildFile; fileRef = E77E0BBB2C749C7900626110 /* SignUpAPI.swift */; };
		E77E0BBE2C75DE7400626110 /* MyRequestInterceptor.swift in Sources */ = {isa = PBXBuildFile; fileRef = E77E0BBD2C75DE7400626110 /* MyRequestInterceptor.swift */; };
		E77E0BC32C75E62100626110 /* LoginService.swift in Sources */ = {isa = PBXBuildFile; fileRef = E77E0BC22C75E62100626110 /* LoginService.swift */; };
		E77E0BC52C75E71800626110 /* LoginAPI.swift in Sources */ = {isa = PBXBuildFile; fileRef = E77E0BC42C75E71800626110 /* LoginAPI.swift */; };
		E790FA2A2B81F25200EA38C6 /* Home.swift in Sources */ = {isa = PBXBuildFile; fileRef = E790FA292B81F25200EA38C6 /* Home.swift */; };
		E7A0DD2A2B7B4B12006004B5 /* SearchBar.swift in Sources */ = {isa = PBXBuildFile; fileRef = E7A0DD292B7B4B12006004B5 /* SearchBar.swift */; };
		E7A0DD2C2B7B52A7006004B5 /* Fonts.swift in Sources */ = {isa = PBXBuildFile; fileRef = E7A0DD2B2B7B52A7006004B5 /* Fonts.swift */; };
		E7A0DD2E2B7B617E006004B5 /* Search.swift in Sources */ = {isa = PBXBuildFile; fileRef = E7A0DD2D2B7B617E006004B5 /* Search.swift */; };
		E7A0DD302B7B6B5B006004B5 /* HomeSegmentedControl.swift in Sources */ = {isa = PBXBuildFile; fileRef = E7A0DD2F2B7B6B5B006004B5 /* HomeSegmentedControl.swift */; };
		E7A756662C07360800CF52A4 /* Memo.swift in Sources */ = {isa = PBXBuildFile; fileRef = E7A756652C07360800CF52A4 /* Memo.swift */; };
		E7A756682C0741BC00CF52A4 /* Character.swift in Sources */ = {isa = PBXBuildFile; fileRef = E7A756672C0741BC00CF52A4 /* Character.swift */; };
		E7ACEA962CA299AB0079F2F1 /* NicknameValidateService.swift in Sources */ = {isa = PBXBuildFile; fileRef = E7ACEA952CA299AB0079F2F1 /* NicknameValidateService.swift */; };
		E7ACEA982CA29AC50079F2F1 /* NicknameValidateRequest.swift in Sources */ = {isa = PBXBuildFile; fileRef = E7ACEA972CA29AC50079F2F1 /* NicknameValidateRequest.swift */; };
		E7ACEA9A2CA29BF60079F2F1 /* NicknameValidateAPI.swift in Sources */ = {isa = PBXBuildFile; fileRef = E7ACEA992CA29BF60079F2F1 /* NicknameValidateAPI.swift */; };
		E7ACEA9D2CA2AA380079F2F1 /* SignUpViewModel.swift in Sources */ = {isa = PBXBuildFile; fileRef = E7ACEA9C2CA2AA380079F2F1 /* SignUpViewModel.swift */; };
		E7ACEAA02CA2B08B0079F2F1 /* LoginViewModel.swift in Sources */ = {isa = PBXBuildFile; fileRef = E7ACEA9F2CA2B08B0079F2F1 /* LoginViewModel.swift */; };
		E7ACEAA32CA2DF4B0079F2F1 /* Secrets.xcconfig in Resources */ = {isa = PBXBuildFile; fileRef = E7ACEAA22CA2DF4B0079F2F1 /* Secrets.xcconfig */; };
		E7B2E9482D18515600566E88 /* SearchResponse.swift in Sources */ = {isa = PBXBuildFile; fileRef = E7B2E9472D18515600566E88 /* SearchResponse.swift */; };
		E7B2E94B2D1853C000566E88 /* SearchViewModel.swift in Sources */ = {isa = PBXBuildFile; fileRef = E7B2E94A2D1853C000566E88 /* SearchViewModel.swift */; };
		E7B2E94D2D1853D500566E88 /* SearchService.swift in Sources */ = {isa = PBXBuildFile; fileRef = E7B2E94C2D1853D500566E88 /* SearchService.swift */; };
		E7B2E94F2D18545D00566E88 /* SearchAPI.swift in Sources */ = {isa = PBXBuildFile; fileRef = E7B2E94E2D18545D00566E88 /* SearchAPI.swift */; };
		E7B2E9522D18641400566E88 /* SearchBookView.swift in Sources */ = {isa = PBXBuildFile; fileRef = E7B2E9512D18641400566E88 /* SearchBookView.swift */; };
		E7B2E9542D18703100566E88 /* HighlightedTextView.swift in Sources */ = {isa = PBXBuildFile; fileRef = E7B2E9532D18703100566E88 /* HighlightedTextView.swift */; };
		E7C24DA52C50EB8600D05937 /* MCEmojiPicker in Frameworks */ = {isa = PBXBuildFile; productRef = E7C24DA42C50EB8600D05937 /* MCEmojiPicker */; };
		E7C24DAA2C50F10600D05937 /* TabReadingNote.swift in Sources */ = {isa = PBXBuildFile; fileRef = E7C24DA92C50F10600D05937 /* TabReadingNote.swift */; };
		E7C24DB02C5CF89600D05937 /* CharacterDetail.swift in Sources */ = {isa = PBXBuildFile; fileRef = E7C24DAF2C5CF89600D05937 /* CharacterDetail.swift */; };
		E7CD51622CAD502E0063C0A5 /* MainPageViewModel.swift in Sources */ = {isa = PBXBuildFile; fileRef = E7CD51612CAD502E0063C0A5 /* MainPageViewModel.swift */; };
		E7CD51652CAD5EE30063C0A5 /* HomeResponse.swift in Sources */ = {isa = PBXBuildFile; fileRef = E7CD51642CAD5EE30063C0A5 /* HomeResponse.swift */; };
		E7CD51682CAD63300063C0A5 /* HomeService.swift in Sources */ = {isa = PBXBuildFile; fileRef = E7CD51672CAD63300063C0A5 /* HomeService.swift */; };
		E7CD516D2CAD63CF0063C0A5 /* HomeAPI.swift in Sources */ = {isa = PBXBuildFile; fileRef = E7CD516C2CAD63CF0063C0A5 /* HomeAPI.swift */; };
		E7F6D81C2BA6D8C000181586 /* BookItemDetailView.swift in Sources */ = {isa = PBXBuildFile; fileRef = E7F6D81B2BA6D8C000181586 /* BookItemDetailView.swift */; };
		E7F6D81E2BA6D92E00181586 /* BookRowDetailView.swift in Sources */ = {isa = PBXBuildFile; fileRef = E7F6D81D2BA6D92E00181586 /* BookRowDetailView.swift */; };
/* End PBXBuildFile section */

/* Begin PBXFileReference section */
		C50F7A0A2C71D70100D65BFB /* Login.swift */ = {isa = PBXFileReference; lastKnownFileType = sourcecode.swift; path = Login.swift; sourceTree = "<group>"; };
		C50F7A0D2C73907200D65BFB /* KeyChainService.swift */ = {isa = PBXFileReference; lastKnownFileType = sourcecode.swift; path = KeyChainService.swift; sourceTree = "<group>"; };
		C51556C22B830402006FD0F2 /* BookInfoBottomButtonView.swift */ = {isa = PBXFileReference; lastKnownFileType = sourcecode.swift; path = BookInfoBottomButtonView.swift; sourceTree = "<group>"; };
		C51556C52B839367006FD0F2 /* BookInfoModel.swift */ = {isa = PBXFileReference; lastKnownFileType = sourcecode.swift; path = BookInfoModel.swift; sourceTree = "<group>"; };
		C51556C72B83BA7E006FD0F2 /* BasicBookInfoView.swift */ = {isa = PBXFileReference; lastKnownFileType = sourcecode.swift; path = BasicBookInfoView.swift; sourceTree = "<group>"; };
		C51556C92B83C9FB006FD0F2 /* SelectReviewClusterView.swift */ = {isa = PBXFileReference; lastKnownFileType = sourcecode.swift; path = SelectReviewClusterView.swift; sourceTree = "<group>"; };
		C518A8AA2B8132F800EBD1A8 /* Review.swift */ = {isa = PBXFileReference; lastKnownFileType = sourcecode.swift; path = Review.swift; sourceTree = "<group>"; };
		C51C1DD02B83E7B500B45345 /* CommentHScrollView.swift */ = {isa = PBXFileReference; lastKnownFileType = sourcecode.swift; path = CommentHScrollView.swift; sourceTree = "<group>"; };
		C523ABE62C859CB600C4D9F8 /* BookShelfListRowView.swift */ = {isa = PBXFileReference; lastKnownFileType = sourcecode.swift; path = BookShelfListRowView.swift; sourceTree = "<group>"; };
		C52EC5982C308162004F6BDB /* BookMapViewModel.swift */ = {isa = PBXFileReference; lastKnownFileType = sourcecode.swift; path = BookMapViewModel.swift; sourceTree = "<group>"; };
		C52EC59A2C308181004F6BDB /* BookLocationData.swift */ = {isa = PBXFileReference; lastKnownFileType = sourcecode.swift; path = BookLocationData.swift; sourceTree = "<group>"; };
		C52EC59C2C3081EE004F6BDB /* BookMapModel.swift */ = {isa = PBXFileReference; lastKnownFileType = sourcecode.swift; path = BookMapModel.swift; sourceTree = "<group>"; };
		C52EC59E2C308258004F6BDB /* LocationManager.swift */ = {isa = PBXFileReference; lastKnownFileType = sourcecode.swift; path = LocationManager.swift; sourceTree = "<group>"; };
		C52EC5A02C3082D6004F6BDB /* AnnotationView.swift */ = {isa = PBXFileReference; lastKnownFileType = sourcecode.swift; path = AnnotationView.swift; sourceTree = "<group>"; };
		C5338FA32B8DD76900D24B5F /* CommentReactionToken.swift */ = {isa = PBXFileReference; lastKnownFileType = sourcecode.swift; path = CommentReactionToken.swift; sourceTree = "<group>"; };
		C5338FA52B8DD89C00D24B5F /* EmojiSelectPopover.swift */ = {isa = PBXFileReference; lastKnownFileType = sourcecode.swift; path = EmojiSelectPopover.swift; sourceTree = "<group>"; };
		C5338FA72B8E1B1600D24B5F /* CommentRowView.swift */ = {isa = PBXFileReference; lastKnownFileType = sourcecode.swift; path = CommentRowView.swift; sourceTree = "<group>"; };
		C53A34B12C37D99A008A88F0 /* BottomSheetHelper.swift */ = {isa = PBXFileReference; lastKnownFileType = sourcecode.swift; path = BottomSheetHelper.swift; sourceTree = "<group>"; };
		C54B93172C4FF6BD008B73E0 /* SearchLocationManager.swift */ = {isa = PBXFileReference; lastKnownFileType = sourcecode.swift; path = SearchLocationManager.swift; sourceTree = "<group>"; };
		C54B931A2C4FF772008B73E0 /* recentlySearchedLocationsData.swift */ = {isa = PBXFileReference; lastKnownFileType = sourcecode.swift; path = recentlySearchedLocationsData.swift; sourceTree = "<group>"; };
		C54B931D2C4FF7A4008B73E0 /* SearchLocationModel.swift */ = {isa = PBXFileReference; lastKnownFileType = sourcecode.swift; path = SearchLocationModel.swift; sourceTree = "<group>"; };
		C54B931F2C4FF80A008B73E0 /* SearchLocationMap.swift */ = {isa = PBXFileReference; lastKnownFileType = sourcecode.swift; path = SearchLocationMap.swift; sourceTree = "<group>"; };
		C54B93212C4FF841008B73E0 /* SearchMapViewHelper.swift */ = {isa = PBXFileReference; lastKnownFileType = sourcecode.swift; path = SearchMapViewHelper.swift; sourceTree = "<group>"; };
		C54B93252C500A35008B73E0 /* BookShelf.swift */ = {isa = PBXFileReference; lastKnownFileType = sourcecode.swift; path = BookShelf.swift; sourceTree = "<group>"; };
		C54B93272C500A54008B73E0 /* BookShelfListByType.swift */ = {isa = PBXFileReference; lastKnownFileType = sourcecode.swift; path = BookShelfListByType.swift; sourceTree = "<group>"; };
		C54B932A2C500AD0008B73E0 /* BookshelfModel.swift */ = {isa = PBXFileReference; lastKnownFileType = sourcecode.swift; path = BookshelfModel.swift; sourceTree = "<group>"; };
		C54B932D2C500FCD008B73E0 /* BookShelfView.swift */ = {isa = PBXFileReference; lastKnownFileType = sourcecode.swift; path = BookShelfView.swift; sourceTree = "<group>"; };
		C5529F1A2BBD7AB300C3E614 /* EnterProfile.swift */ = {isa = PBXFileReference; lastKnownFileType = sourcecode.swift; path = EnterProfile.swift; sourceTree = "<group>"; };
		C56B56052BB95DA80084F2DD /* EnterNickname.swift */ = {isa = PBXFileReference; fileEncoding = 4; lastKnownFileType = sourcecode.swift; path = EnterNickname.swift; sourceTree = "<group>"; };
		C576DD522C79828F001AFFFA /* NicknameTextfieldStyle.swift */ = {isa = PBXFileReference; lastKnownFileType = sourcecode.swift; path = NicknameTextfieldStyle.swift; sourceTree = "<group>"; };
		C576DD552C7F0CEF001AFFFA /* SignUpModel.swift */ = {isa = PBXFileReference; lastKnownFileType = sourcecode.swift; name = SignUpModel.swift; path = ReadingFrame/SignUp/Models/SignUpModel.swift; sourceTree = SOURCE_ROOT; };
		C58F57162B8CF35D004085A5 /* BookInfo_ReviewModel.swift */ = {isa = PBXFileReference; lastKnownFileType = sourcecode.swift; path = BookInfo_ReviewModel.swift; sourceTree = "<group>"; };
		C58F57182B8D001F004085A5 /* CommentReactionView.swift */ = {isa = PBXFileReference; lastKnownFileType = sourcecode.swift; path = CommentReactionView.swift; sourceTree = "<group>"; };
		C595A1DD2B7A9DD6006D88EC /* AppTabView.swift */ = {isa = PBXFileReference; lastKnownFileType = sourcecode.swift; path = AppTabView.swift; sourceTree = "<group>"; };
		C595A1DF2B7A9E59006D88EC /* MainPage.swift */ = {isa = PBXFileReference; lastKnownFileType = sourcecode.swift; path = MainPage.swift; sourceTree = "<group>"; };
		C595A1E72B7A9FFB006D88EC /* BookMap.swift */ = {isa = PBXFileReference; lastKnownFileType = sourcecode.swift; path = BookMap.swift; sourceTree = "<group>"; };
		C595A1EB2B7AA01E006D88EC /* MyPage.swift */ = {isa = PBXFileReference; lastKnownFileType = sourcecode.swift; path = MyPage.swift; sourceTree = "<group>"; };
		C595A1FA2B7B8A3F006D88EC /* Book.swift */ = {isa = PBXFileReference; lastKnownFileType = sourcecode.swift; path = Book.swift; sourceTree = "<group>"; };
		C595A1FF2B7BAC7A006D88EC /* RegisterBook.swift */ = {isa = PBXFileReference; lastKnownFileType = sourcecode.swift; path = RegisterBook.swift; sourceTree = "<group>"; };
		C595A2012B7BCB10006D88EC /* SelectBookTypeView.swift */ = {isa = PBXFileReference; lastKnownFileType = sourcecode.swift; path = SelectBookTypeView.swift; sourceTree = "<group>"; };
		C595A2032B7BDE87006D88EC /* DatePickerInList.swift */ = {isa = PBXFileReference; lastKnownFileType = sourcecode.swift; path = DatePickerInList.swift; sourceTree = "<group>"; };
		C5A136342C350B8F0061D674 /* BookmapSheetView.swift */ = {isa = PBXFileReference; lastKnownFileType = sourcecode.swift; path = BookmapSheetView.swift; sourceTree = "<group>"; };
		C5A136362C350C5A0061D674 /* BookLocationListRow.swift */ = {isa = PBXFileReference; lastKnownFileType = sourcecode.swift; path = BookLocationListRow.swift; sourceTree = "<group>"; };
		C5BAF29C2BA49F0800DC33FE /* GreyLogoAndTextView.swift */ = {isa = PBXFileReference; lastKnownFileType = sourcecode.swift; path = GreyLogoAndTextView.swift; sourceTree = "<group>"; };
		C5BB8B652B7CF3CE00A49858 /* SearchLocation.swift */ = {isa = PBXFileReference; lastKnownFileType = sourcecode.swift; path = SearchLocation.swift; sourceTree = "<group>"; };
		C5BE52212B68F53E00FF07F8 /* ReadingFrame.app */ = {isa = PBXFileReference; explicitFileType = wrapper.application; includeInIndex = 0; path = ReadingFrame.app; sourceTree = BUILT_PRODUCTS_DIR; };
		C5BE52242B68F53E00FF07F8 /* ReadingFrameApp.swift */ = {isa = PBXFileReference; lastKnownFileType = sourcecode.swift; path = ReadingFrameApp.swift; sourceTree = "<group>"; };
		C5BE52262B68F53E00FF07F8 /* LaunchView.swift */ = {isa = PBXFileReference; lastKnownFileType = sourcecode.swift; path = LaunchView.swift; sourceTree = "<group>"; };
		C5BE52282B68F54000FF07F8 /* Assets.xcassets */ = {isa = PBXFileReference; lastKnownFileType = folder.assetcatalog; path = Assets.xcassets; sourceTree = "<group>"; };
		C5BE522B2B68F54000FF07F8 /* Preview Assets.xcassets */ = {isa = PBXFileReference; lastKnownFileType = folder.assetcatalog; path = "Preview Assets.xcassets"; sourceTree = "<group>"; };
		C5BE52322B68F60300FF07F8 /* ReadingFrame.entitlements */ = {isa = PBXFileReference; lastKnownFileType = text.plist.entitlements; path = ReadingFrame.entitlements; sourceTree = "<group>"; };
		C5BE52332B68F68100FF07F8 /* Info.plist */ = {isa = PBXFileReference; lastKnownFileType = text.plist; path = Info.plist; sourceTree = "<group>"; };
		C5CEA8912B8A5CCA007A89A2 /* WrapLayout.swift */ = {isa = PBXFileReference; lastKnownFileType = sourcecode.swift; path = WrapLayout.swift; sourceTree = "<group>"; };
		C5CEA8932B8A66D8007A89A2 /* BookInfo_Review.swift */ = {isa = PBXFileReference; lastKnownFileType = sourcecode.swift; path = BookInfo_Review.swift; sourceTree = "<group>"; };
		C5DF2B832B7F8E740069B64D /* BookInfo.swift */ = {isa = PBXFileReference; lastKnownFileType = sourcecode.swift; path = BookInfo.swift; sourceTree = "<group>"; };
		C5DF2B852B7FC94D0069B64D /* Badge_Info.swift */ = {isa = PBXFileReference; lastKnownFileType = sourcecode.swift; path = Badge_Info.swift; sourceTree = "<group>"; };
		C5E3FC8D2C78E5A1007D6BDE /* BookshelfTypePicker.swift */ = {isa = PBXFileReference; lastKnownFileType = sourcecode.swift; path = BookshelfTypePicker.swift; sourceTree = "<group>"; };
		C5EB7CEE2C4794DE0038C237 /* SingleBookLocationInfoView.swift */ = {isa = PBXFileReference; lastKnownFileType = sourcecode.swift; path = SingleBookLocationInfoView.swift; sourceTree = "<group>"; };
		E702A9A72B85CAF50081F65D /* ReadingItemView.swift */ = {isa = PBXFileReference; lastKnownFileType = sourcecode.swift; path = ReadingItemView.swift; sourceTree = "<group>"; };
		E702A9A92B85F0ED0081F65D /* ReadingPercentBar.swift */ = {isa = PBXFileReference; lastKnownFileType = sourcecode.swift; path = ReadingPercentBar.swift; sourceTree = "<group>"; };
		E702A9AB2B85FB2F0081F65D /* ReadingLabel.swift */ = {isa = PBXFileReference; lastKnownFileType = sourcecode.swift; path = ReadingLabel.swift; sourceTree = "<group>"; };
		E702A9AD2B8605D10081F65D /* ReadingRowView.swift */ = {isa = PBXFileReference; lastKnownFileType = sourcecode.swift; path = ReadingRowView.swift; sourceTree = "<group>"; };
		E702A9AF2B86219C0081F65D /* PageIndicator.swift */ = {isa = PBXFileReference; lastKnownFileType = sourcecode.swift; path = PageIndicator.swift; sourceTree = "<group>"; };
		E702A9B32B864D330081F65D /* ReadingNote.swift */ = {isa = PBXFileReference; lastKnownFileType = sourcecode.swift; path = ReadingNote.swift; sourceTree = "<group>"; };
		E70719E52C32393900841A6F /* BookmarkView.swift */ = {isa = PBXFileReference; lastKnownFileType = sourcecode.swift; path = BookmarkView.swift; sourceTree = "<group>"; };
		E70764382C3AD27900373B8D /* MemoView.swift */ = {isa = PBXFileReference; lastKnownFileType = sourcecode.swift; path = MemoView.swift; sourceTree = "<group>"; };
		E707643A2C3ADEA000373B8D /* CharacterView.swift */ = {isa = PBXFileReference; lastKnownFileType = sourcecode.swift; path = CharacterView.swift; sourceTree = "<group>"; };
		E707643C2C3AF30D00373B8D /* EditAllRecord.swift */ = {isa = PBXFileReference; lastKnownFileType = sourcecode.swift; path = EditAllRecord.swift; sourceTree = "<group>"; };
		E716315E2B7C982600BCD302 /* BookItemView.swift */ = {isa = PBXFileReference; lastKnownFileType = sourcecode.swift; path = BookItemView.swift; sourceTree = "<group>"; };
		E71631602B7CD08B00BCD302 /* WantToReadRowView.swift */ = {isa = PBXFileReference; lastKnownFileType = sourcecode.swift; path = WantToReadRowView.swift; sourceTree = "<group>"; };
		E71631622B7CF1A900BCD302 /* LoadableBookImage.swift */ = {isa = PBXFileReference; lastKnownFileType = sourcecode.swift; path = LoadableBookImage.swift; sourceTree = "<group>"; };
		E7384CFA2C1284DE001B814B /* CustomDropDownMenu.swift */ = {isa = PBXFileReference; lastKnownFileType = sourcecode.swift; path = CustomDropDownMenu.swift; sourceTree = "<group>"; };
		E7384CFC2C128E4B001B814B /* CustomDropDownModifier.swift */ = {isa = PBXFileReference; lastKnownFileType = sourcecode.swift; path = CustomDropDownModifier.swift; sourceTree = "<group>"; };
		E7384CFE2C128E95001B814B /* CustomDropDownHelper.swift */ = {isa = PBXFileReference; lastKnownFileType = sourcecode.swift; path = CustomDropDownHelper.swift; sourceTree = "<group>"; };
		E7505C482CBD03410082FE85 /* ReadingBookResponse.swift */ = {isa = PBXFileReference; lastKnownFileType = sourcecode.swift; path = ReadingBookResponse.swift; sourceTree = "<group>"; };
		E7505C4A2CBD0C690082FE85 /* DetailBookViewModel.swift */ = {isa = PBXFileReference; lastKnownFileType = sourcecode.swift; path = DetailBookViewModel.swift; sourceTree = "<group>"; };
		E7505C4C2CBD12020082FE85 /* ReadingBookModel.swift */ = {isa = PBXFileReference; lastKnownFileType = sourcecode.swift; path = ReadingBookModel.swift; sourceTree = "<group>"; };
		E751B56D2B8E0D3100880123 /* FinishReadRowView.swift */ = {isa = PBXFileReference; lastKnownFileType = sourcecode.swift; path = FinishReadRowView.swift; sourceTree = "<group>"; };
		E751B56F2B8EC61A00880123 /* EditBookmark.swift */ = {isa = PBXFileReference; lastKnownFileType = sourcecode.swift; path = EditBookmark.swift; sourceTree = "<group>"; };
		E751B5712B8EC6B000880123 /* DragIndicator.swift */ = {isa = PBXFileReference; lastKnownFileType = sourcecode.swift; path = DragIndicator.swift; sourceTree = "<group>"; };
		E751B5732B8ED1D100880123 /* DateRange.swift */ = {isa = PBXFileReference; lastKnownFileType = sourcecode.swift; path = DateRange.swift; sourceTree = "<group>"; };
		E75AE6732BE2634A0056EC26 /* HalfCricleGraph.swift */ = {isa = PBXFileReference; lastKnownFileType = sourcecode.swift; path = HalfCricleGraph.swift; sourceTree = "<group>"; };
		E75D6B032BEB12100080EBA0 /* RoundedRadiusBox.swift */ = {isa = PBXFileReference; lastKnownFileType = sourcecode.swift; path = RoundedRadiusBox.swift; sourceTree = "<group>"; };
		E75D6B082BEB5B7E0080EBA0 /* Bookmark.swift */ = {isa = PBXFileReference; lastKnownFileType = sourcecode.swift; path = Bookmark.swift; sourceTree = "<group>"; };
		E768F0842CE47BB7003E2CB3 /* WantToReadBookResponse.swift */ = {isa = PBXFileReference; lastKnownFileType = sourcecode.swift; path = WantToReadBookResponse.swift; sourceTree = "<group>"; };
		E768F0862CE47D5B003E2CB3 /* FinishReadBookResponse.swift */ = {isa = PBXFileReference; lastKnownFileType = sourcecode.swift; path = FinishReadBookResponse.swift; sourceTree = "<group>"; };
		E768F0882CE4819F003E2CB3 /* HomeBookResponse.swift */ = {isa = PBXFileReference; lastKnownFileType = sourcecode.swift; path = HomeBookResponse.swift; sourceTree = "<group>"; };
		E768F08A2CE487E8003E2CB3 /* WantToReadBookModel.swift */ = {isa = PBXFileReference; lastKnownFileType = sourcecode.swift; path = WantToReadBookModel.swift; sourceTree = "<group>"; };
		E768F08C2CE48811003E2CB3 /* FinshReadBookModel.swift */ = {isa = PBXFileReference; lastKnownFileType = sourcecode.swift; path = FinshReadBookModel.swift; sourceTree = "<group>"; };
		E768F08E2CE48CD1003E2CB3 /* HomeBookModel.swift */ = {isa = PBXFileReference; lastKnownFileType = sourcecode.swift; path = HomeBookModel.swift; sourceTree = "<group>"; };
		E768F0962CE51068003E2CB3 /* HiddenReadBookRequest.swift */ = {isa = PBXFileReference; lastKnownFileType = sourcecode.swift; path = HiddenReadBookRequest.swift; sourceTree = "<group>"; };
		E768F0982CE51222003E2CB3 /* ChangeReadingStatusRequest.swift */ = {isa = PBXFileReference; lastKnownFileType = sourcecode.swift; path = ChangeReadingStatusRequest.swift; sourceTree = "<group>"; };
		E768F09A2CE512F8003E2CB3 /* ChangeIsMineRequest.swift */ = {isa = PBXFileReference; lastKnownFileType = sourcecode.swift; path = ChangeIsMineRequest.swift; sourceTree = "<group>"; };
		E77394832C637B8D0057760A /* SearchBadge.swift */ = {isa = PBXFileReference; lastKnownFileType = sourcecode.swift; path = SearchBadge.swift; sourceTree = "<group>"; };
		E77394862C6385B80057760A /* Badge.swift */ = {isa = PBXFileReference; lastKnownFileType = sourcecode.swift; path = Badge.swift; sourceTree = "<group>"; };
		E77394892C638CCD0057760A /* BadgeView.swift */ = {isa = PBXFileReference; lastKnownFileType = sourcecode.swift; path = BadgeView.swift; sourceTree = "<group>"; };
		E77E0B892C736E8B00626110 /* BadgeRowView.swift */ = {isa = PBXFileReference; lastKnownFileType = sourcecode.swift; path = BadgeRowView.swift; sourceTree = "<group>"; };
		E77E0B8E2C7390A400626110 /* BaseAPI.swift */ = {isa = PBXFileReference; lastKnownFileType = sourcecode.swift; path = BaseAPI.swift; sourceTree = "<group>"; };
		E77E0B9B2C745CA700626110 /* CommonResponse.swift */ = {isa = PBXFileReference; lastKnownFileType = sourcecode.swift; path = CommonResponse.swift; sourceTree = "<group>"; };
		E77E0B9E2C745E4D00626110 /* KakaoSignUpRequest.swift */ = {isa = PBXFileReference; lastKnownFileType = sourcecode.swift; path = KakaoSignUpRequest.swift; sourceTree = "<group>"; };
		E77E0BA12C74602800626110 /* APIConstants.swift */ = {isa = PBXFileReference; lastKnownFileType = sourcecode.swift; path = APIConstants.swift; sourceTree = "<group>"; };
		E77E0BA32C74611000626110 /* NetworkResult.swift */ = {isa = PBXFileReference; lastKnownFileType = sourcecode.swift; path = NetworkResult.swift; sourceTree = "<group>"; };
		E77E0BA52C747A0B00626110 /* KakaoSignUpResponse.swift */ = {isa = PBXFileReference; lastKnownFileType = sourcecode.swift; path = KakaoSignUpResponse.swift; sourceTree = "<group>"; };
		E77E0BA92C747B1200626110 /* KakaoLoginRequest.swift */ = {isa = PBXFileReference; lastKnownFileType = sourcecode.swift; path = KakaoLoginRequest.swift; sourceTree = "<group>"; };
		E77E0BAC2C747B4900626110 /* KakaoLoginResponse.swift */ = {isa = PBXFileReference; lastKnownFileType = sourcecode.swift; path = KakaoLoginResponse.swift; sourceTree = "<group>"; };
		E77E0BB02C747FD900626110 /* APIEventLogger.swift */ = {isa = PBXFileReference; lastKnownFileType = sourcecode.swift; path = APIEventLogger.swift; sourceTree = "<group>"; };
		E77E0BB32C7488C800626110 /* HTTPHeaderField.swift */ = {isa = PBXFileReference; lastKnownFileType = sourcecode.swift; path = HTTPHeaderField.swift; sourceTree = "<group>"; };
		E77E0BB52C748AC400626110 /* TargetType.swift */ = {isa = PBXFileReference; lastKnownFileType = sourcecode.swift; path = TargetType.swift; sourceTree = "<group>"; };
		E77E0BB72C7499A500626110 /* SignUpService.swift */ = {isa = PBXFileReference; lastKnownFileType = sourcecode.swift; path = SignUpService.swift; sourceTree = "<group>"; };
		E77E0BBB2C749C7900626110 /* SignUpAPI.swift */ = {isa = PBXFileReference; lastKnownFileType = sourcecode.swift; path = SignUpAPI.swift; sourceTree = "<group>"; };
		E77E0BBD2C75DE7400626110 /* MyRequestInterceptor.swift */ = {isa = PBXFileReference; lastKnownFileType = sourcecode.swift; path = MyRequestInterceptor.swift; sourceTree = "<group>"; };
		E77E0BC22C75E62100626110 /* LoginService.swift */ = {isa = PBXFileReference; lastKnownFileType = sourcecode.swift; path = LoginService.swift; sourceTree = "<group>"; };
		E77E0BC42C75E71800626110 /* LoginAPI.swift */ = {isa = PBXFileReference; lastKnownFileType = sourcecode.swift; path = LoginAPI.swift; sourceTree = "<group>"; };
		E790FA292B81F25200EA38C6 /* Home.swift */ = {isa = PBXFileReference; lastKnownFileType = sourcecode.swift; path = Home.swift; sourceTree = "<group>"; };
		E7A0DD292B7B4B12006004B5 /* SearchBar.swift */ = {isa = PBXFileReference; lastKnownFileType = sourcecode.swift; path = SearchBar.swift; sourceTree = "<group>"; };
		E7A0DD2B2B7B52A7006004B5 /* Fonts.swift */ = {isa = PBXFileReference; lastKnownFileType = sourcecode.swift; path = Fonts.swift; sourceTree = "<group>"; };
		E7A0DD2D2B7B617E006004B5 /* Search.swift */ = {isa = PBXFileReference; lastKnownFileType = sourcecode.swift; path = Search.swift; sourceTree = "<group>"; };
		E7A0DD2F2B7B6B5B006004B5 /* HomeSegmentedControl.swift */ = {isa = PBXFileReference; lastKnownFileType = sourcecode.swift; path = HomeSegmentedControl.swift; sourceTree = "<group>"; };
		E7A756652C07360800CF52A4 /* Memo.swift */ = {isa = PBXFileReference; lastKnownFileType = sourcecode.swift; path = Memo.swift; sourceTree = "<group>"; };
		E7A756672C0741BC00CF52A4 /* Character.swift */ = {isa = PBXFileReference; lastKnownFileType = sourcecode.swift; path = Character.swift; sourceTree = "<group>"; };
		E7ACEA952CA299AB0079F2F1 /* NicknameValidateService.swift */ = {isa = PBXFileReference; lastKnownFileType = sourcecode.swift; path = NicknameValidateService.swift; sourceTree = "<group>"; };
		E7ACEA972CA29AC50079F2F1 /* NicknameValidateRequest.swift */ = {isa = PBXFileReference; lastKnownFileType = sourcecode.swift; path = NicknameValidateRequest.swift; sourceTree = "<group>"; };
		E7ACEA992CA29BF60079F2F1 /* NicknameValidateAPI.swift */ = {isa = PBXFileReference; lastKnownFileType = sourcecode.swift; path = NicknameValidateAPI.swift; sourceTree = "<group>"; };
		E7ACEA9C2CA2AA380079F2F1 /* SignUpViewModel.swift */ = {isa = PBXFileReference; lastKnownFileType = sourcecode.swift; path = SignUpViewModel.swift; sourceTree = "<group>"; };
		E7ACEA9F2CA2B08B0079F2F1 /* LoginViewModel.swift */ = {isa = PBXFileReference; lastKnownFileType = sourcecode.swift; path = LoginViewModel.swift; sourceTree = "<group>"; };
		E7ACEAA22CA2DF4B0079F2F1 /* Secrets.xcconfig */ = {isa = PBXFileReference; lastKnownFileType = text.xcconfig; path = Secrets.xcconfig; sourceTree = "<group>"; };
		E7B2E9472D18515600566E88 /* SearchResponse.swift */ = {isa = PBXFileReference; lastKnownFileType = sourcecode.swift; path = SearchResponse.swift; sourceTree = "<group>"; };
		E7B2E94A2D1853C000566E88 /* SearchViewModel.swift */ = {isa = PBXFileReference; lastKnownFileType = sourcecode.swift; path = SearchViewModel.swift; sourceTree = "<group>"; };
		E7B2E94C2D1853D500566E88 /* SearchService.swift */ = {isa = PBXFileReference; lastKnownFileType = sourcecode.swift; path = SearchService.swift; sourceTree = "<group>"; };
		E7B2E94E2D18545D00566E88 /* SearchAPI.swift */ = {isa = PBXFileReference; lastKnownFileType = sourcecode.swift; path = SearchAPI.swift; sourceTree = "<group>"; };
		E7B2E9512D18641400566E88 /* SearchBookView.swift */ = {isa = PBXFileReference; lastKnownFileType = sourcecode.swift; path = SearchBookView.swift; sourceTree = "<group>"; };
		E7B2E9532D18703100566E88 /* HighlightedTextView.swift */ = {isa = PBXFileReference; lastKnownFileType = sourcecode.swift; path = HighlightedTextView.swift; sourceTree = "<group>"; };
		E7C24DA92C50F10600D05937 /* TabReadingNote.swift */ = {isa = PBXFileReference; lastKnownFileType = sourcecode.swift; path = TabReadingNote.swift; sourceTree = "<group>"; };
		E7C24DAF2C5CF89600D05937 /* CharacterDetail.swift */ = {isa = PBXFileReference; lastKnownFileType = sourcecode.swift; path = CharacterDetail.swift; sourceTree = "<group>"; };
		E7CD51612CAD502E0063C0A5 /* MainPageViewModel.swift */ = {isa = PBXFileReference; lastKnownFileType = sourcecode.swift; path = MainPageViewModel.swift; sourceTree = "<group>"; };
		E7CD51642CAD5EE30063C0A5 /* HomeResponse.swift */ = {isa = PBXFileReference; lastKnownFileType = sourcecode.swift; path = HomeResponse.swift; sourceTree = "<group>"; };
		E7CD51672CAD63300063C0A5 /* HomeService.swift */ = {isa = PBXFileReference; lastKnownFileType = sourcecode.swift; path = HomeService.swift; sourceTree = "<group>"; };
		E7CD516C2CAD63CF0063C0A5 /* HomeAPI.swift */ = {isa = PBXFileReference; lastKnownFileType = sourcecode.swift; path = HomeAPI.swift; sourceTree = "<group>"; };
		E7F6D81B2BA6D8C000181586 /* BookItemDetailView.swift */ = {isa = PBXFileReference; lastKnownFileType = sourcecode.swift; path = BookItemDetailView.swift; sourceTree = "<group>"; };
		E7F6D81D2BA6D92E00181586 /* BookRowDetailView.swift */ = {isa = PBXFileReference; lastKnownFileType = sourcecode.swift; path = BookRowDetailView.swift; sourceTree = "<group>"; };
/* End PBXFileReference section */

/* Begin PBXFrameworksBuildPhase section */
		C5BE521E2B68F53E00FF07F8 /* Frameworks */ = {
			isa = PBXFrameworksBuildPhase;
			buildActionMask = 2147483647;
			files = (
				E72060C52C7E0FC2007D3707 /* KakaoSDKCommon in Frameworks */,
				E7C24DA52C50EB8600D05937 /* MCEmojiPicker in Frameworks */,
				E77E0B972C74587A00626110 /* Alamofire in Frameworks */,
				E72060C72C7E0FC2007D3707 /* KakaoSDKUser in Frameworks */,
				E72060C32C7E0FC2007D3707 /* KakaoSDKAuth in Frameworks */,
			);
			runOnlyForDeploymentPostprocessing = 0;
		};
/* End PBXFrameworksBuildPhase section */

/* Begin PBXGroup section */
		C50F7A082C71D6E200D65BFB /* Login */ = {
			isa = PBXGroup;
			children = (
				C50F7A092C71D6F200D65BFB /* Views */,
				E7ACEA9E2CA2B0780079F2F1 /* ViewModels */,
			);
			path = Login;
			sourceTree = "<group>";
		};
		C50F7A092C71D6F200D65BFB /* Views */ = {
			isa = PBXGroup;
			children = (
				C50F7A0A2C71D70100D65BFB /* Login.swift */,
			);
			path = Views;
			sourceTree = "<group>";
		};
		C50F7A0C2C73905500D65BFB /* Services */ = {
			isa = PBXGroup;
			children = (
				C50F7A0D2C73907200D65BFB /* KeyChainService.swift */,
			);
			path = Services;
			sourceTree = "<group>";
		};
		C51556C42B839355006FD0F2 /* Models */ = {
			isa = PBXGroup;
			children = (
				C51556C52B839367006FD0F2 /* BookInfoModel.swift */,
				C58F57162B8CF35D004085A5 /* BookInfo_ReviewModel.swift */,
			);
			path = Models;
			sourceTree = "<group>";
		};
		C52EC5962C308103004F6BDB /* Helpers */ = {
			isa = PBXGroup;
			children = (
				C52EC59E2C308258004F6BDB /* LocationManager.swift */,
				C52EC59A2C308181004F6BDB /* BookLocationData.swift */,
				C52EC5A02C3082D6004F6BDB /* AnnotationView.swift */,
				C5A136362C350C5A0061D674 /* BookLocationListRow.swift */,
				C53A34B12C37D99A008A88F0 /* BottomSheetHelper.swift */,
			);
			path = Helpers;
			sourceTree = "<group>";
		};
		C52EC5972C30814E004F6BDB /* ViewModel */ = {
			isa = PBXGroup;
			children = (
				C52EC5982C308162004F6BDB /* BookMapViewModel.swift */,
			);
			path = ViewModel;
			sourceTree = "<group>";
		};
		C54B93162C4FF6A3008B73E0 /* Helpers */ = {
			isa = PBXGroup;
			children = (
				C54B931A2C4FF772008B73E0 /* recentlySearchedLocationsData.swift */,
				C54B93172C4FF6BD008B73E0 /* SearchLocationManager.swift */,
				C54B93212C4FF841008B73E0 /* SearchMapViewHelper.swift */,
			);
			path = Helpers;
			sourceTree = "<group>";
		};
		C54B931C2C4FF789008B73E0 /* Model */ = {
			isa = PBXGroup;
			children = (
				C54B931D2C4FF7A4008B73E0 /* SearchLocationModel.swift */,
			);
			path = Model;
			sourceTree = "<group>";
		};
		C54B93232C500893008B73E0 /* BookShelf */ = {
			isa = PBXGroup;
			children = (
				C54B932C2C500F60008B73E0 /* Helpers */,
				C54B93292C500AB9008B73E0 /* Model */,
				C54B93242C5008A4008B73E0 /* Views */,
			);
			path = BookShelf;
			sourceTree = "<group>";
		};
		C54B93242C5008A4008B73E0 /* Views */ = {
			isa = PBXGroup;
			children = (
				C54B93252C500A35008B73E0 /* BookShelf.swift */,
				C54B93272C500A54008B73E0 /* BookShelfListByType.swift */,
			);
			path = Views;
			sourceTree = "<group>";
		};
		C54B93292C500AB9008B73E0 /* Model */ = {
			isa = PBXGroup;
			children = (
				C54B932A2C500AD0008B73E0 /* BookshelfModel.swift */,
			);
			path = Model;
			sourceTree = "<group>";
		};
		C54B932C2C500F60008B73E0 /* Helpers */ = {
			isa = PBXGroup;
			children = (
				C54B932D2C500FCD008B73E0 /* BookShelfView.swift */,
				C5E3FC8D2C78E5A1007D6BDE /* BookshelfTypePicker.swift */,
				C523ABE62C859CB600C4D9F8 /* BookShelfListRowView.swift */,
			);
			path = Helpers;
			sourceTree = "<group>";
		};
		C55FAF602C07168C008BACEE /* Models */ = {
			isa = PBXGroup;
			children = (
				C52EC59C2C3081EE004F6BDB /* BookMapModel.swift */,
			);
			path = Models;
			sourceTree = "<group>";
		};
		C561F1D22BAB04E1005A680B /* SignUp */ = {
			isa = PBXGroup;
			children = (
				E7ACEAA12CA2DE210079F2F1 /* Models */,
				C561F1D32BAB04F1005A680B /* Views */,
				C576DD512C79827C001AFFFA /* Helpers */,
				E7ACEA9B2CA2A9F90079F2F1 /* ViewModels */,
			);
			path = SignUp;
			sourceTree = "<group>";
		};
		C561F1D32BAB04F1005A680B /* Views */ = {
			isa = PBXGroup;
			children = (
				C56B56052BB95DA80084F2DD /* EnterNickname.swift */,
				C5529F1A2BBD7AB300C3E614 /* EnterProfile.swift */,
			);
			path = Views;
			sourceTree = "<group>";
		};
		C576DD512C79827C001AFFFA /* Helpers */ = {
			isa = PBXGroup;
			children = (
				C576DD522C79828F001AFFFA /* NicknameTextfieldStyle.swift */,
			);
			path = Helpers;
			sourceTree = "<group>";
		};
		C595A1DC2B7A89D8006D88EC /* Resources */ = {
			isa = PBXGroup;
			children = (
				C5BE52282B68F54000FF07F8 /* Assets.xcassets */,
				E7A0DD2B2B7B52A7006004B5 /* Fonts.swift */,
			);
			path = Resources;
			sourceTree = "<group>";
		};
		C595A1E12B7A9FB7006D88EC /* Common */ = {
			isa = PBXGroup;
			children = (
				C50F7A0C2C73905500D65BFB /* Services */,
				C595A1F92B7B8A16006D88EC /* Models */,
				C595A1E22B7A9FC0006D88EC /* Views */,
				E7A0DD282B7B49F2006004B5 /* Helpers */,
			);
			path = Common;
			sourceTree = "<group>";
		};
		C595A1E22B7A9FC0006D88EC /* Views */ = {
			isa = PBXGroup;
			children = (
				C595A1DD2B7A9DD6006D88EC /* AppTabView.swift */,
				E790FA292B81F25200EA38C6 /* Home.swift */,
				E751B56F2B8EC61A00880123 /* EditBookmark.swift */,
			);
			path = Views;
			sourceTree = "<group>";
		};
		C595A1E32B7A9FCF006D88EC /* MainPage */ = {
			isa = PBXGroup;
			children = (
				E7505C4E2CBD12090082FE85 /* Models */,
				E716315D2B7C980500BCD302 /* Helpers */,
				C595A1E42B7A9FD9006D88EC /* Views */,
				E7CD51602CAD501B0063C0A5 /* ViewModels */,
			);
			path = MainPage;
			sourceTree = "<group>";
		};
		C595A1E42B7A9FD9006D88EC /* Views */ = {
			isa = PBXGroup;
			children = (
				C595A1DF2B7A9E59006D88EC /* MainPage.swift */,
			);
			path = Views;
			sourceTree = "<group>";
		};
		C595A1E52B7A9FE9006D88EC /* BookMap */ = {
			isa = PBXGroup;
			children = (
				C55FAF602C07168C008BACEE /* Models */,
				C52EC5972C30814E004F6BDB /* ViewModel */,
				C595A1E62B7A9FEE006D88EC /* Views */,
				C52EC5962C308103004F6BDB /* Helpers */,
			);
			path = BookMap;
			sourceTree = "<group>";
		};
		C595A1E62B7A9FEE006D88EC /* Views */ = {
			isa = PBXGroup;
			children = (
				C595A1E72B7A9FFB006D88EC /* BookMap.swift */,
				C5A136342C350B8F0061D674 /* BookmapSheetView.swift */,
				C5EB7CEE2C4794DE0038C237 /* SingleBookLocationInfoView.swift */,
			);
			path = Views;
			sourceTree = "<group>";
		};
		C595A1E92B7AA00F006D88EC /* MyPage */ = {
			isa = PBXGroup;
			children = (
				C595A1EA2B7AA016006D88EC /* Views */,
			);
			path = MyPage;
			sourceTree = "<group>";
		};
		C595A1EA2B7AA016006D88EC /* Views */ = {
			isa = PBXGroup;
			children = (
				C595A1EB2B7AA01E006D88EC /* MyPage.swift */,
			);
			path = Views;
			sourceTree = "<group>";
		};
		C595A1ED2B7B1EFC006D88EC /* Launch */ = {
			isa = PBXGroup;
			children = (
				C595A1EE2B7B1F12006D88EC /* Views */,
			);
			path = Launch;
			sourceTree = "<group>";
		};
		C595A1EE2B7B1F12006D88EC /* Views */ = {
			isa = PBXGroup;
			children = (
				C5BE52262B68F53E00FF07F8 /* LaunchView.swift */,
			);
			path = Views;
			sourceTree = "<group>";
		};
		C595A1F92B7B8A16006D88EC /* Models */ = {
			isa = PBXGroup;
			children = (
				C595A1FA2B7B8A3F006D88EC /* Book.swift */,
				C518A8AA2B8132F800EBD1A8 /* Review.swift */,
				E75D6B082BEB5B7E0080EBA0 /* Bookmark.swift */,
				E7A756652C07360800CF52A4 /* Memo.swift */,
				E7A756672C0741BC00CF52A4 /* Character.swift */,
			);
			path = Models;
			sourceTree = "<group>";
		};
		C595A1FC2B7BABD6006D88EC /* BookInfo */ = {
			isa = PBXGroup;
			children = (
				C51556C42B839355006FD0F2 /* Models */,
				C595A1FE2B7BAC69006D88EC /* Helpers */,
				C595A1FD2B7BAC60006D88EC /* Views */,
			);
			path = BookInfo;
			sourceTree = "<group>";
		};
		C595A1FD2B7BAC60006D88EC /* Views */ = {
			isa = PBXGroup;
			children = (
				C595A1FF2B7BAC7A006D88EC /* RegisterBook.swift */,
				C5DF2B832B7F8E740069B64D /* BookInfo.swift */,
				C5CEA8932B8A66D8007A89A2 /* BookInfo_Review.swift */,
			);
			path = Views;
			sourceTree = "<group>";
		};
		C595A1FE2B7BAC69006D88EC /* Helpers */ = {
			isa = PBXGroup;
			children = (
				C595A2012B7BCB10006D88EC /* SelectBookTypeView.swift */,
				C51556C22B830402006FD0F2 /* BookInfoBottomButtonView.swift */,
				C51556C72B83BA7E006FD0F2 /* BasicBookInfoView.swift */,
				C51556C92B83C9FB006FD0F2 /* SelectReviewClusterView.swift */,
				C51C1DD02B83E7B500B45345 /* CommentHScrollView.swift */,
				C58F57182B8D001F004085A5 /* CommentReactionView.swift */,
				C5338FA32B8DD76900D24B5F /* CommentReactionToken.swift */,
				C5338FA52B8DD89C00D24B5F /* EmojiSelectPopover.swift */,
				C5338FA72B8E1B1600D24B5F /* CommentRowView.swift */,
			);
			path = Helpers;
			sourceTree = "<group>";
		};
		C5BB8B632B7CF3A500A49858 /* SearchLocation */ = {
			isa = PBXGroup;
			children = (
				C54B931C2C4FF789008B73E0 /* Model */,
				C5BB8B642B7CF3AC00A49858 /* Views */,
				C54B93162C4FF6A3008B73E0 /* Helpers */,
			);
			path = SearchLocation;
			sourceTree = "<group>";
		};
		C5BB8B642B7CF3AC00A49858 /* Views */ = {
			isa = PBXGroup;
			children = (
				C5BB8B652B7CF3CE00A49858 /* SearchLocation.swift */,
				C54B931F2C4FF80A008B73E0 /* SearchLocationMap.swift */,
			);
			path = Views;
			sourceTree = "<group>";
		};
		C5BE52182B68F53E00FF07F8 = {
			isa = PBXGroup;
			children = (
				C5BE52232B68F53E00FF07F8 /* ReadingFrame */,
				C5BE52222B68F53E00FF07F8 /* Products */,
			);
			sourceTree = "<group>";
		};
		C5BE52222B68F53E00FF07F8 /* Products */ = {
			isa = PBXGroup;
			children = (
				C5BE52212B68F53E00FF07F8 /* ReadingFrame.app */,
			);
			name = Products;
			sourceTree = "<group>";
		};
		C5BE52232B68F53E00FF07F8 /* ReadingFrame */ = {
			isa = PBXGroup;
			children = (
				C5BE52332B68F68100FF07F8 /* Info.plist */,
				C5BE52322B68F60300FF07F8 /* ReadingFrame.entitlements */,
				C5BE52242B68F53E00FF07F8 /* ReadingFrameApp.swift */,
				C595A1E12B7A9FB7006D88EC /* Common */,
				E77E0B8B2C738F0200626110 /* Network */,
				C595A1ED2B7B1EFC006D88EC /* Launch */,
				C561F1D22BAB04E1005A680B /* SignUp */,
				C50F7A082C71D6E200D65BFB /* Login */,
				C595A1E32B7A9FCF006D88EC /* MainPage */,
				E751FDF32B7DFD92003A8030 /* Search */,
				C54B93232C500893008B73E0 /* BookShelf */,
				C595A1FC2B7BABD6006D88EC /* BookInfo */,
				E702A9B12B864D0C0081F65D /* ReadingNote */,
				C595A1E52B7A9FE9006D88EC /* BookMap */,
				C595A1E92B7AA00F006D88EC /* MyPage */,
				E77394812C637B740057760A /* Badge */,
				C5BB8B632B7CF3A500A49858 /* SearchLocation */,
				C595A1DC2B7A89D8006D88EC /* Resources */,
				C5BE522A2B68F54000FF07F8 /* Preview Content */,
			);
			path = ReadingFrame;
			sourceTree = "<group>";
		};
		C5BE522A2B68F54000FF07F8 /* Preview Content */ = {
			isa = PBXGroup;
			children = (
				C5BE522B2B68F54000FF07F8 /* Preview Assets.xcassets */,
			);
			path = "Preview Content";
			sourceTree = "<group>";
		};
		E702A9B12B864D0C0081F65D /* ReadingNote */ = {
			isa = PBXGroup;
			children = (
				E75D6B052BEB3DD10080EBA0 /* Models */,
				E75AE6722BE263340056EC26 /* Helpers */,
				E702A9B22B864D270081F65D /* Views */,
			);
			path = ReadingNote;
			sourceTree = "<group>";
		};
		E702A9B22B864D270081F65D /* Views */ = {
			isa = PBXGroup;
			children = (
				E702A9B32B864D330081F65D /* ReadingNote.swift */,
				E707643C2C3AF30D00373B8D /* EditAllRecord.swift */,
				E7C24DA92C50F10600D05937 /* TabReadingNote.swift */,
				E7C24DAF2C5CF89600D05937 /* CharacterDetail.swift */,
			);
			path = Views;
			sourceTree = "<group>";
		};
		E716315D2B7C980500BCD302 /* Helpers */ = {
			isa = PBXGroup;
			children = (
				E702A9A72B85CAF50081F65D /* ReadingItemView.swift */,
				E702A9AD2B8605D10081F65D /* ReadingRowView.swift */,
				E716315E2B7C982600BCD302 /* BookItemView.swift */,
				E71631602B7CD08B00BCD302 /* WantToReadRowView.swift */,
				E751B56D2B8E0D3100880123 /* FinishReadRowView.swift */,
				E7F6D81B2BA6D8C000181586 /* BookItemDetailView.swift */,
				E7F6D81D2BA6D92E00181586 /* BookRowDetailView.swift */,
				E702A9AB2B85FB2F0081F65D /* ReadingLabel.swift */,
				E702A9AF2B86219C0081F65D /* PageIndicator.swift */,
			);
			path = Helpers;
			sourceTree = "<group>";
		};
		E7505C4E2CBD12090082FE85 /* Models */ = {
			isa = PBXGroup;
			children = (
				E768F08E2CE48CD1003E2CB3 /* HomeBookModel.swift */,
				E7505C4C2CBD12020082FE85 /* ReadingBookModel.swift */,
				E768F08A2CE487E8003E2CB3 /* WantToReadBookModel.swift */,
				E768F08C2CE48811003E2CB3 /* FinshReadBookModel.swift */,
			);
			path = Models;
			sourceTree = "<group>";
		};
		E751FDF32B7DFD92003A8030 /* Search */ = {
			isa = PBXGroup;
			children = (
				E7B2E9502D18640400566E88 /* Helpers */,
				E751FDF42B7DFDBA003A8030 /* Views */,
				E7B2E9492D18539D00566E88 /* ViewModels */,
			);
			path = Search;
			sourceTree = "<group>";
		};
		E751FDF42B7DFDBA003A8030 /* Views */ = {
			isa = PBXGroup;
			children = (
				E7A0DD2D2B7B617E006004B5 /* Search.swift */,
			);
			path = Views;
			sourceTree = "<group>";
		};
		E75AE6722BE263340056EC26 /* Helpers */ = {
			isa = PBXGroup;
			children = (
				E75AE6732BE2634A0056EC26 /* HalfCricleGraph.swift */,
				E75D6B032BEB12100080EBA0 /* RoundedRadiusBox.swift */,
				E7384CFA2C1284DE001B814B /* CustomDropDownMenu.swift */,
				E7384CFC2C128E4B001B814B /* CustomDropDownModifier.swift */,
				E7384CFE2C128E95001B814B /* CustomDropDownHelper.swift */,
				E70719E52C32393900841A6F /* BookmarkView.swift */,
				E70764382C3AD27900373B8D /* MemoView.swift */,
				E707643A2C3ADEA000373B8D /* CharacterView.swift */,
			);
			path = Helpers;
			sourceTree = "<group>";
		};
		E75D6B052BEB3DD10080EBA0 /* Models */ = {
			isa = PBXGroup;
			children = (
			);
			path = Models;
			sourceTree = "<group>";
		};
		E768F0952CE5105B003E2CB3 /* Home */ = {
			isa = PBXGroup;
			children = (
				E768F0962CE51068003E2CB3 /* HiddenReadBookRequest.swift */,
				E768F0982CE51222003E2CB3 /* ChangeReadingStatusRequest.swift */,
				E768F09A2CE512F8003E2CB3 /* ChangeIsMineRequest.swift */,
			);
			path = Home;
			sourceTree = "<group>";
		};
		E77394812C637B740057760A /* Badge */ = {
			isa = PBXGroup;
			children = (
				E77394852C6385680057760A /* Models */,
				E77394822C637B820057760A /* Views */,
				E77394882C638CC00057760A /* Helpers */,
			);
			path = Badge;
			sourceTree = "<group>";
		};
		E77394822C637B820057760A /* Views */ = {
			isa = PBXGroup;
			children = (
				E77394832C637B8D0057760A /* SearchBadge.swift */,
			);
			path = Views;
			sourceTree = "<group>";
		};
		E77394852C6385680057760A /* Models */ = {
			isa = PBXGroup;
			children = (
				E77394862C6385B80057760A /* Badge.swift */,
			);
			path = Models;
			sourceTree = "<group>";
		};
		E77394882C638CC00057760A /* Helpers */ = {
			isa = PBXGroup;
			children = (
				E77394892C638CCD0057760A /* BadgeView.swift */,
				E77E0B892C736E8B00626110 /* BadgeRowView.swift */,
			);
			path = Helpers;
			sourceTree = "<group>";
		};
		E77E0B8B2C738F0200626110 /* Network */ = {
			isa = PBXGroup;
			children = (
				E77E0BB22C7488B100626110 /* Base */,
				E77E0B8C2C738F6300626110 /* Api */,
				E77E0B8D2C73904800626110 /* Model */,
				E77E0B9A2C745C6700626110 /* Service */,
			);
			path = Network;
			sourceTree = "<group>";
		};
		E77E0B8C2C738F6300626110 /* Api */ = {
			isa = PBXGroup;
			children = (
				E77E0BBA2C749C6300626110 /* SignUp */,
				E77E0BB92C749C5900626110 /* Login */,
				E7CD51692CAD63B10063C0A5 /* Home */,
			);
			path = Api;
			sourceTree = "<group>";
		};
		E77E0B8D2C73904800626110 /* Model */ = {
			isa = PBXGroup;
			children = (
				E77E0B982C745C4B00626110 /* Request */,
				E77E0B992C745C5000626110 /* Response */,
			);
			path = Model;
			sourceTree = "<group>";
		};
		E77E0B982C745C4B00626110 /* Request */ = {
			isa = PBXGroup;
			children = (
				E77E0B9D2C745E1700626110 /* SignUp */,
				E77E0BA82C747B0000626110 /* Login */,
				E768F0952CE5105B003E2CB3 /* Home */,
			);
			path = Request;
			sourceTree = "<group>";
		};
		E77E0B992C745C5000626110 /* Response */ = {
			isa = PBXGroup;
			children = (
				E77E0BA72C747A1000626110 /* SignUp */,
				E77E0BAB2C747B3B00626110 /* Login */,
				E7CD51632CAD5ED40063C0A5 /* Home */,
			);
			path = Response;
			sourceTree = "<group>";
		};
		E77E0B9A2C745C6700626110 /* Service */ = {
			isa = PBXGroup;
			children = (
				E77E0BAF2C747C9600626110 /* SignUp */,
				E77E0BAE2C747C8F00626110 /* Login */,
				E7CD51662CAD631D0063C0A5 /* Home */,
			);
			path = Service;
			sourceTree = "<group>";
		};
		E77E0B9D2C745E1700626110 /* SignUp */ = {
			isa = PBXGroup;
			children = (
				E77E0B9E2C745E4D00626110 /* KakaoSignUpRequest.swift */,
				E7ACEA972CA29AC50079F2F1 /* NicknameValidateRequest.swift */,
			);
			path = SignUp;
			sourceTree = "<group>";
		};
		E77E0BA72C747A1000626110 /* SignUp */ = {
			isa = PBXGroup;
			children = (
				E77E0BA52C747A0B00626110 /* KakaoSignUpResponse.swift */,
			);
			path = SignUp;
			sourceTree = "<group>";
		};
		E77E0BA82C747B0000626110 /* Login */ = {
			isa = PBXGroup;
			children = (
				E77E0BA92C747B1200626110 /* KakaoLoginRequest.swift */,
			);
			path = Login;
			sourceTree = "<group>";
		};
		E77E0BAB2C747B3B00626110 /* Login */ = {
			isa = PBXGroup;
			children = (
				E77E0BAC2C747B4900626110 /* KakaoLoginResponse.swift */,
			);
			path = Login;
			sourceTree = "<group>";
		};
		E77E0BAE2C747C8F00626110 /* Login */ = {
			isa = PBXGroup;
			children = (
				E77E0BC22C75E62100626110 /* LoginService.swift */,
			);
			path = Login;
			sourceTree = "<group>";
		};
		E77E0BAF2C747C9600626110 /* SignUp */ = {
			isa = PBXGroup;
			children = (
				E77E0BB72C7499A500626110 /* SignUpService.swift */,
				E7ACEA952CA299AB0079F2F1 /* NicknameValidateService.swift */,
			);
			path = SignUp;
			sourceTree = "<group>";
		};
		E77E0BB22C7488B100626110 /* Base */ = {
			isa = PBXGroup;
			children = (
				E77E0BA12C74602800626110 /* APIConstants.swift */,
				E77E0BB02C747FD900626110 /* APIEventLogger.swift */,
				E77E0B8E2C7390A400626110 /* BaseAPI.swift */,
				E77E0B9B2C745CA700626110 /* CommonResponse.swift */,
				E77E0BB32C7488C800626110 /* HTTPHeaderField.swift */,
				E77E0BA32C74611000626110 /* NetworkResult.swift */,
				E77E0BBD2C75DE7400626110 /* MyRequestInterceptor.swift */,
				E77E0BB52C748AC400626110 /* TargetType.swift */,
				E7ACEAA22CA2DF4B0079F2F1 /* Secrets.xcconfig */,
			);
			path = Base;
			sourceTree = "<group>";
		};
		E77E0BB92C749C5900626110 /* Login */ = {
			isa = PBXGroup;
			children = (
				E77E0BC42C75E71800626110 /* LoginAPI.swift */,
			);
			path = Login;
			sourceTree = "<group>";
		};
		E77E0BBA2C749C6300626110 /* SignUp */ = {
			isa = PBXGroup;
			children = (
				E77E0BBB2C749C7900626110 /* SignUpAPI.swift */,
				E7ACEA992CA29BF60079F2F1 /* NicknameValidateAPI.swift */,
			);
			path = SignUp;
			sourceTree = "<group>";
		};
		E7A0DD282B7B49F2006004B5 /* Helpers */ = {
			isa = PBXGroup;
			children = (
				C595A2032B7BDE87006D88EC /* DatePickerInList.swift */,
				C5DF2B852B7FC94D0069B64D /* Badge_Info.swift */,
				E7A0DD292B7B4B12006004B5 /* SearchBar.swift */,
				E7A0DD2F2B7B6B5B006004B5 /* HomeSegmentedControl.swift */,
				E71631622B7CF1A900BCD302 /* LoadableBookImage.swift */,
				E702A9A92B85F0ED0081F65D /* ReadingPercentBar.swift */,
				C5CEA8912B8A5CCA007A89A2 /* WrapLayout.swift */,
				E751B5712B8EC6B000880123 /* DragIndicator.swift */,
				E751B5732B8ED1D100880123 /* DateRange.swift */,
				C5BAF29C2BA49F0800DC33FE /* GreyLogoAndTextView.swift */,
				E7B2E9532D18703100566E88 /* HighlightedTextView.swift */,
			);
			path = Helpers;
			sourceTree = "<group>";
		};
		E7ACEA9B2CA2A9F90079F2F1 /* ViewModels */ = {
			isa = PBXGroup;
			children = (
				E7ACEA9C2CA2AA380079F2F1 /* SignUpViewModel.swift */,
			);
			path = ViewModels;
			sourceTree = "<group>";
		};
		E7ACEA9E2CA2B0780079F2F1 /* ViewModels */ = {
			isa = PBXGroup;
			children = (
				E7ACEA9F2CA2B08B0079F2F1 /* LoginViewModel.swift */,
			);
			path = ViewModels;
			sourceTree = "<group>";
		};
		E7ACEAA12CA2DE210079F2F1 /* Models */ = {
			isa = PBXGroup;
			children = (
				C576DD552C7F0CEF001AFFFA /* SignUpModel.swift */,
			);
			path = Models;
			sourceTree = "<group>";
		};
		E7B2E9492D18539D00566E88 /* ViewModels */ = {
			isa = PBXGroup;
			children = (
				E7B2E94A2D1853C000566E88 /* SearchViewModel.swift */,
			);
			path = ViewModels;
			sourceTree = "<group>";
		};
		E7B2E9502D18640400566E88 /* Helpers */ = {
			isa = PBXGroup;
			children = (
				E7B2E9512D18641400566E88 /* SearchBookView.swift */,
			);
			path = Helpers;
			sourceTree = "<group>";
		};
		E7CD51602CAD501B0063C0A5 /* ViewModels */ = {
			isa = PBXGroup;
			children = (
				E7CD51612CAD502E0063C0A5 /* MainPageViewModel.swift */,
				E7505C4A2CBD0C690082FE85 /* DetailBookViewModel.swift */,
			);
			path = ViewModels;
			sourceTree = "<group>";
		};
		E7CD51632CAD5ED40063C0A5 /* Home */ = {
			isa = PBXGroup;
			children = (
				E7CD51642CAD5EE30063C0A5 /* HomeResponse.swift */,
				E768F0882CE4819F003E2CB3 /* HomeBookResponse.swift */,
				E7505C482CBD03410082FE85 /* ReadingBookResponse.swift */,
				E768F0842CE47BB7003E2CB3 /* WantToReadBookResponse.swift */,
				E768F0862CE47D5B003E2CB3 /* FinishReadBookResponse.swift */,
				E7B2E9472D18515600566E88 /* SearchResponse.swift */,
			);
			path = Home;
			sourceTree = "<group>";
		};
		E7CD51662CAD631D0063C0A5 /* Home */ = {
			isa = PBXGroup;
			children = (
				E7CD51672CAD63300063C0A5 /* HomeService.swift */,
				E7B2E94C2D1853D500566E88 /* SearchService.swift */,
			);
			path = Home;
			sourceTree = "<group>";
		};
		E7CD51692CAD63B10063C0A5 /* Home */ = {
			isa = PBXGroup;
			children = (
				E7CD516C2CAD63CF0063C0A5 /* HomeAPI.swift */,
				E7B2E94E2D18545D00566E88 /* SearchAPI.swift */,
			);
			path = Home;
			sourceTree = "<group>";
		};
/* End PBXGroup section */

/* Begin PBXNativeTarget section */
		C5BE52202B68F53E00FF07F8 /* ReadingFrame */ = {
			isa = PBXNativeTarget;
			buildConfigurationList = C5BE522F2B68F54000FF07F8 /* Build configuration list for PBXNativeTarget "ReadingFrame" */;
			buildPhases = (
				C5BE521D2B68F53E00FF07F8 /* Sources */,
				C5BE521E2B68F53E00FF07F8 /* Frameworks */,
				C5BE521F2B68F53E00FF07F8 /* Resources */,
			);
			buildRules = (
			);
			dependencies = (
			);
			name = ReadingFrame;
			packageProductDependencies = (
				E7C24DA42C50EB8600D05937 /* MCEmojiPicker */,
				E77E0B962C74587A00626110 /* Alamofire */,
				E72060C22C7E0FC2007D3707 /* KakaoSDKAuth */,
				E72060C42C7E0FC2007D3707 /* KakaoSDKCommon */,
				E72060C62C7E0FC2007D3707 /* KakaoSDKUser */,
			);
			productName = ReadingFrame;
			productReference = C5BE52212B68F53E00FF07F8 /* ReadingFrame.app */;
			productType = "com.apple.product-type.application";
		};
/* End PBXNativeTarget section */

/* Begin PBXProject section */
		C5BE52192B68F53E00FF07F8 /* Project object */ = {
			isa = PBXProject;
			attributes = {
				BuildIndependentTargetsInParallel = 1;
				LastSwiftUpdateCheck = 1520;
				LastUpgradeCheck = 1520;
				TargetAttributes = {
					C5BE52202B68F53E00FF07F8 = {
						CreatedOnToolsVersion = 15.2;
					};
				};
			};
			buildConfigurationList = C5BE521C2B68F53E00FF07F8 /* Build configuration list for PBXProject "ReadingFrame" */;
			compatibilityVersion = "Xcode 14.0";
			developmentRegion = ko;
			hasScannedForEncodings = 0;
			knownRegions = (
				en,
				Base,
				ko,
			);
			mainGroup = C5BE52182B68F53E00FF07F8;
			packageReferences = (
				E7C24DA32C50EB8600D05937 /* XCRemoteSwiftPackageReference "MCEmojiPicker" */,
				E77E0B952C74587A00626110 /* XCRemoteSwiftPackageReference "Alamofire" */,
				E72060C12C7E0FC2007D3707 /* XCRemoteSwiftPackageReference "kakao-ios-sdk" */,
			);
			productRefGroup = C5BE52222B68F53E00FF07F8 /* Products */;
			projectDirPath = "";
			projectRoot = "";
			targets = (
				C5BE52202B68F53E00FF07F8 /* ReadingFrame */,
			);
		};
/* End PBXProject section */

/* Begin PBXResourcesBuildPhase section */
		C5BE521F2B68F53E00FF07F8 /* Resources */ = {
			isa = PBXResourcesBuildPhase;
			buildActionMask = 2147483647;
			files = (
				C5BE522C2B68F54000FF07F8 /* Preview Assets.xcassets in Resources */,
				C5BE52292B68F54000FF07F8 /* Assets.xcassets in Resources */,
				E7ACEAA32CA2DF4B0079F2F1 /* Secrets.xcconfig in Resources */,
			);
			runOnlyForDeploymentPostprocessing = 0;
		};
/* End PBXResourcesBuildPhase section */

/* Begin PBXSourcesBuildPhase section */
		C5BE521D2B68F53E00FF07F8 /* Sources */ = {
			isa = PBXSourcesBuildPhase;
			buildActionMask = 2147483647;
			files = (
				E773948A2C638CCD0057760A /* BadgeView.swift in Sources */,
				C576DD562C7F0CEF001AFFFA /* SignUpModel.swift in Sources */,
				E7CD516D2CAD63CF0063C0A5 /* HomeAPI.swift in Sources */,
				C5E3FC8E2C78E5A1007D6BDE /* BookshelfTypePicker.swift in Sources */,
				C595A2002B7BAC7A006D88EC /* RegisterBook.swift in Sources */,
				E77E0B9C2C745CA700626110 /* CommonResponse.swift in Sources */,
				C52EC5A12C3082D6004F6BDB /* AnnotationView.swift in Sources */,
				C595A1FB2B7B8A3F006D88EC /* Book.swift in Sources */,
				C56B56062BB95DA80084F2DD /* EnterNickname.swift in Sources */,
				C5CEA8922B8A5CCA007A89A2 /* WrapLayout.swift in Sources */,
				E768F0972CE51068003E2CB3 /* HiddenReadBookRequest.swift in Sources */,
				C52EC5992C308162004F6BDB /* BookMapViewModel.swift in Sources */,
				C518A8AB2B8132F800EBD1A8 /* Review.swift in Sources */,
				E7A0DD2C2B7B52A7006004B5 /* Fonts.swift in Sources */,
				E7F6D81C2BA6D8C000181586 /* BookItemDetailView.swift in Sources */,
				C58F57192B8D001F004085A5 /* CommentReactionView.swift in Sources */,
				E77E0BBC2C749C7900626110 /* SignUpAPI.swift in Sources */,
				E702A9B42B864D330081F65D /* ReadingNote.swift in Sources */,
				E7C24DB02C5CF89600D05937 /* CharacterDetail.swift in Sources */,
				E7A0DD302B7B6B5B006004B5 /* HomeSegmentedControl.swift in Sources */,
				E77394872C6385B80057760A /* Badge.swift in Sources */,
				E77E0BB82C7499A500626110 /* SignUpService.swift in Sources */,
				E77E0B8F2C7390A400626110 /* BaseAPI.swift in Sources */,
				E7505C4B2CBD0C690082FE85 /* DetailBookViewModel.swift in Sources */,
				E702A9AC2B85FB2F0081F65D /* ReadingLabel.swift in Sources */,
				E7CD51652CAD5EE30063C0A5 /* HomeResponse.swift in Sources */,
				E70764392C3AD27900373B8D /* MemoView.swift in Sources */,
				E751B5722B8EC6B000880123 /* DragIndicator.swift in Sources */,
				E751B56E2B8E0D3100880123 /* FinishReadRowView.swift in Sources */,
				E768F08F2CE48CD1003E2CB3 /* HomeBookModel.swift in Sources */,
				E7B2E94D2D1853D500566E88 /* SearchService.swift in Sources */,
				E77E0BA42C74611000626110 /* NetworkResult.swift in Sources */,
				E707643D2C3AF30D00373B8D /* EditAllRecord.swift in Sources */,
				E7F6D81E2BA6D92E00181586 /* BookRowDetailView.swift in Sources */,
				C52EC59D2C3081EE004F6BDB /* BookMapModel.swift in Sources */,
				E716315F2B7C982600BCD302 /* BookItemView.swift in Sources */,
				E71631612B7CD08B00BCD302 /* WantToReadRowView.swift in Sources */,
				E702A9B02B86219C0081F65D /* PageIndicator.swift in Sources */,
				C5BAF29D2BA49F0800DC33FE /* GreyLogoAndTextView.swift in Sources */,
				E7A0DD2E2B7B617E006004B5 /* Search.swift in Sources */,
				C5529F1B2BBD7AB300C3E614 /* EnterProfile.swift in Sources */,
				E75D6B092BEB5B7E0080EBA0 /* Bookmark.swift in Sources */,
				C5338FA42B8DD76900D24B5F /* CommentReactionToken.swift in Sources */,
				C5EB7CEF2C4794DE0038C237 /* SingleBookLocationInfoView.swift in Sources */,
				C51C1DD12B83E7B500B45345 /* CommentHScrollView.swift in Sources */,
				C54B93182C4FF6BD008B73E0 /* SearchLocationManager.swift in Sources */,
				E768F08D2CE48811003E2CB3 /* FinshReadBookModel.swift in Sources */,
				C50F7A0E2C73907200D65BFB /* KeyChainService.swift in Sources */,
				C5DF2B862B7FC94D0069B64D /* Badge_Info.swift in Sources */,
				E77E0BB12C747FD900626110 /* APIEventLogger.swift in Sources */,
				C51556CA2B83C9FB006FD0F2 /* SelectReviewClusterView.swift in Sources */,
				E7A0DD2A2B7B4B12006004B5 /* SearchBar.swift in Sources */,
				C5A136372C350C5A0061D674 /* BookLocationListRow.swift in Sources */,
				E7ACEA9A2CA29BF60079F2F1 /* NicknameValidateAPI.swift in Sources */,
				E7A756662C07360800CF52A4 /* Memo.swift in Sources */,
				E7C24DAA2C50F10600D05937 /* TabReadingNote.swift in Sources */,
				E7505C4D2CBD12020082FE85 /* ReadingBookModel.swift in Sources */,
				E7A756682C0741BC00CF52A4 /* Character.swift in Sources */,
				E77E0BA22C74602800626110 /* APIConstants.swift in Sources */,
				C595A2022B7BCB10006D88EC /* SelectBookTypeView.swift in Sources */,
				C5BE52272B68F53E00FF07F8 /* LaunchView.swift in Sources */,
				E768F0992CE51222003E2CB3 /* ChangeReadingStatusRequest.swift in Sources */,
				C576DD532C79828F001AFFFA /* NicknameTextfieldStyle.swift in Sources */,
				E7384CFB2C1284DE001B814B /* CustomDropDownMenu.swift in Sources */,
				C5BE52252B68F53E00FF07F8 /* ReadingFrameApp.swift in Sources */,
				C5A136352C350B8F0061D674 /* BookmapSheetView.swift in Sources */,
				E7384CFF2C128E95001B814B /* CustomDropDownHelper.swift in Sources */,
				C595A1EC2B7AA01E006D88EC /* MyPage.swift in Sources */,
				E77E0B9F2C745E4D00626110 /* KakaoSignUpRequest.swift in Sources */,
				E7B2E9482D18515600566E88 /* SearchResponse.swift in Sources */,
				E77E0BC32C75E62100626110 /* LoginService.swift in Sources */,
				E768F0872CE47D5B003E2CB3 /* FinishReadBookResponse.swift in Sources */,
				E7B2E9542D18703100566E88 /* HighlightedTextView.swift in Sources */,
				E790FA2A2B81F25200EA38C6 /* Home.swift in Sources */,
				C54B931B2C4FF772008B73E0 /* recentlySearchedLocationsData.swift in Sources */,
				E77E0BBE2C75DE7400626110 /* MyRequestInterceptor.swift in Sources */,
				E7ACEA962CA299AB0079F2F1 /* NicknameValidateService.swift in Sources */,
				C595A1E82B7A9FFB006D88EC /* BookMap.swift in Sources */,
				C54B93262C500A35008B73E0 /* BookShelf.swift in Sources */,
				C51556C32B830402006FD0F2 /* BookInfoBottomButtonView.swift in Sources */,
				C52EC59F2C308258004F6BDB /* LocationManager.swift in Sources */,
				E7ACEAA02CA2B08B0079F2F1 /* LoginViewModel.swift in Sources */,
				C53A34B22C37D99A008A88F0 /* BottomSheetHelper.swift in Sources */,
				E768F08B2CE487E8003E2CB3 /* WantToReadBookModel.swift in Sources */,
				C595A1DE2B7A9DD6006D88EC /* AppTabView.swift in Sources */,
				E77E0BB42C7488C800626110 /* HTTPHeaderField.swift in Sources */,
				C54B931E2C4FF7A4008B73E0 /* SearchLocationModel.swift in Sources */,
				E702A9AE2B8605D10081F65D /* ReadingRowView.swift in Sources */,
				E7384CFD2C128E4B001B814B /* CustomDropDownModifier.swift in Sources */,
				E7505C492CBD03410082FE85 /* ReadingBookResponse.swift in Sources */,
				E77E0BA62C747A0B00626110 /* KakaoSignUpResponse.swift in Sources */,
				E70719E62C32393900841A6F /* BookmarkView.swift in Sources */,
				E707643B2C3ADEA000373B8D /* CharacterView.swift in Sources */,
				E77E0B8A2C736E8B00626110 /* BadgeRowView.swift in Sources */,
				E7CD51622CAD502E0063C0A5 /* MainPageViewModel.swift in Sources */,
				E77E0BC52C75E71800626110 /* LoginAPI.swift in Sources */,
				E768F0892CE4819F003E2CB3 /* HomeBookResponse.swift in Sources */,
				E75D6B042BEB12100080EBA0 /* RoundedRadiusBox.swift in Sources */,
				E7B2E94B2D1853C000566E88 /* SearchViewModel.swift in Sources */,
				E71631632B7CF1A900BCD302 /* LoadableBookImage.swift in Sources */,
				E751B5742B8ED1D100880123 /* DateRange.swift in Sources */,
				E7ACEA9D2CA2AA380079F2F1 /* SignUpViewModel.swift in Sources */,
				C5338FA82B8E1B1600D24B5F /* CommentRowView.swift in Sources */,
				E702A9AA2B85F0ED0081F65D /* ReadingPercentBar.swift in Sources */,
				C5338FA62B8DD89C00D24B5F /* EmojiSelectPopover.swift in Sources */,
				C58F57172B8CF35D004085A5 /* BookInfo_ReviewModel.swift in Sources */,
				C54B93222C4FF841008B73E0 /* SearchMapViewHelper.swift in Sources */,
				C523ABE72C859CB600C4D9F8 /* BookShelfListRowView.swift in Sources */,
				E768F09B2CE512F8003E2CB3 /* ChangeIsMineRequest.swift in Sources */,
				E75AE6742BE2634A0056EC26 /* HalfCricleGraph.swift in Sources */,
				E7B2E9522D18641400566E88 /* SearchBookView.swift in Sources */,
				C5CEA8942B8A66D8007A89A2 /* BookInfo_Review.swift in Sources */,
				E7B2E94F2D18545D00566E88 /* SearchAPI.swift in Sources */,
				E7ACEA982CA29AC50079F2F1 /* NicknameValidateRequest.swift in Sources */,
				C595A2042B7BDE87006D88EC /* DatePickerInList.swift in Sources */,
				C51556C82B83BA7E006FD0F2 /* BasicBookInfoView.swift in Sources */,
				E77E0BAA2C747B1200626110 /* KakaoLoginRequest.swift in Sources */,
				C50F7A0B2C71D70100D65BFB /* Login.swift in Sources */,
				C54B932E2C500FCD008B73E0 /* BookShelfView.swift in Sources */,
				E77394842C637B8D0057760A /* SearchBadge.swift in Sources */,
				E768F0852CE47BB7003E2CB3 /* WantToReadBookResponse.swift in Sources */,
				E77E0BB62C748AC400626110 /* TargetType.swift in Sources */,
				E7CD51682CAD63300063C0A5 /* HomeService.swift in Sources */,
				C5BB8B662B7CF3CE00A49858 /* SearchLocation.swift in Sources */,
				C54B932B2C500AD0008B73E0 /* BookshelfModel.swift in Sources */,
				C5DF2B842B7F8E740069B64D /* BookInfo.swift in Sources */,
				C51556C62B839367006FD0F2 /* BookInfoModel.swift in Sources */,
				C54B93202C4FF80A008B73E0 /* SearchLocationMap.swift in Sources */,
				E751B5702B8EC61A00880123 /* EditBookmark.swift in Sources */,
				C54B93282C500A54008B73E0 /* BookShelfListByType.swift in Sources */,
				E702A9A82B85CAF50081F65D /* ReadingItemView.swift in Sources */,
				E77E0BAD2C747B4900626110 /* KakaoLoginResponse.swift in Sources */,
				C595A1E02B7A9E59006D88EC /* MainPage.swift in Sources */,
				C52EC59B2C308181004F6BDB /* BookLocationData.swift in Sources */,
			);
			runOnlyForDeploymentPostprocessing = 0;
		};
/* End PBXSourcesBuildPhase section */

/* Begin XCBuildConfiguration section */
		C5BE522D2B68F54000FF07F8 /* Debug */ = {
			isa = XCBuildConfiguration;
			buildSettings = {
				ALWAYS_SEARCH_USER_PATHS = NO;
				ASSETCATALOG_COMPILER_GENERATE_SWIFT_ASSET_SYMBOL_EXTENSIONS = YES;
				CLANG_ANALYZER_NONNULL = YES;
				CLANG_ANALYZER_NUMBER_OBJECT_CONVERSION = YES_AGGRESSIVE;
				CLANG_CXX_LANGUAGE_STANDARD = "gnu++20";
				CLANG_ENABLE_MODULES = YES;
				CLANG_ENABLE_OBJC_ARC = YES;
				CLANG_ENABLE_OBJC_WEAK = YES;
				CLANG_WARN_BLOCK_CAPTURE_AUTORELEASING = YES;
				CLANG_WARN_BOOL_CONVERSION = YES;
				CLANG_WARN_COMMA = YES;
				CLANG_WARN_CONSTANT_CONVERSION = YES;
				CLANG_WARN_DEPRECATED_OBJC_IMPLEMENTATIONS = YES;
				CLANG_WARN_DIRECT_OBJC_ISA_USAGE = YES_ERROR;
				CLANG_WARN_DOCUMENTATION_COMMENTS = YES;
				CLANG_WARN_EMPTY_BODY = YES;
				CLANG_WARN_ENUM_CONVERSION = YES;
				CLANG_WARN_INFINITE_RECURSION = YES;
				CLANG_WARN_INT_CONVERSION = YES;
				CLANG_WARN_NON_LITERAL_NULL_CONVERSION = YES;
				CLANG_WARN_OBJC_IMPLICIT_RETAIN_SELF = YES;
				CLANG_WARN_OBJC_LITERAL_CONVERSION = YES;
				CLANG_WARN_OBJC_ROOT_CLASS = YES_ERROR;
				CLANG_WARN_QUOTED_INCLUDE_IN_FRAMEWORK_HEADER = YES;
				CLANG_WARN_RANGE_LOOP_ANALYSIS = YES;
				CLANG_WARN_STRICT_PROTOTYPES = YES;
				CLANG_WARN_SUSPICIOUS_MOVE = YES;
				CLANG_WARN_UNGUARDED_AVAILABILITY = YES_AGGRESSIVE;
				CLANG_WARN_UNREACHABLE_CODE = YES;
				CLANG_WARN__DUPLICATE_METHOD_MATCH = YES;
				COPY_PHASE_STRIP = NO;
				DEBUG_INFORMATION_FORMAT = dwarf;
				ENABLE_STRICT_OBJC_MSGSEND = YES;
				ENABLE_TESTABILITY = YES;
				ENABLE_USER_SCRIPT_SANDBOXING = YES;
				GCC_C_LANGUAGE_STANDARD = gnu17;
				GCC_DYNAMIC_NO_PIC = NO;
				GCC_NO_COMMON_BLOCKS = YES;
				GCC_OPTIMIZATION_LEVEL = 0;
				GCC_PREPROCESSOR_DEFINITIONS = (
					"DEBUG=1",
					"$(inherited)",
				);
				GCC_WARN_64_TO_32_BIT_CONVERSION = YES;
				GCC_WARN_ABOUT_RETURN_TYPE = YES_ERROR;
				GCC_WARN_UNDECLARED_SELECTOR = YES;
				GCC_WARN_UNINITIALIZED_AUTOS = YES_AGGRESSIVE;
				GCC_WARN_UNUSED_FUNCTION = YES;
				GCC_WARN_UNUSED_VARIABLE = YES;
				IPHONEOS_DEPLOYMENT_TARGET = 17.2;
				LOCALIZATION_PREFERS_STRING_CATALOGS = YES;
				MTL_ENABLE_DEBUG_INFO = INCLUDE_SOURCE;
				MTL_FAST_MATH = YES;
				ONLY_ACTIVE_ARCH = YES;
				SDKROOT = iphoneos;
				SWIFT_ACTIVE_COMPILATION_CONDITIONS = "DEBUG $(inherited)";
				SWIFT_OPTIMIZATION_LEVEL = "-Onone";
			};
			name = Debug;
		};
		C5BE522E2B68F54000FF07F8 /* Release */ = {
			isa = XCBuildConfiguration;
			buildSettings = {
				ALWAYS_SEARCH_USER_PATHS = NO;
				ASSETCATALOG_COMPILER_GENERATE_SWIFT_ASSET_SYMBOL_EXTENSIONS = YES;
				CLANG_ANALYZER_NONNULL = YES;
				CLANG_ANALYZER_NUMBER_OBJECT_CONVERSION = YES_AGGRESSIVE;
				CLANG_CXX_LANGUAGE_STANDARD = "gnu++20";
				CLANG_ENABLE_MODULES = YES;
				CLANG_ENABLE_OBJC_ARC = YES;
				CLANG_ENABLE_OBJC_WEAK = YES;
				CLANG_WARN_BLOCK_CAPTURE_AUTORELEASING = YES;
				CLANG_WARN_BOOL_CONVERSION = YES;
				CLANG_WARN_COMMA = YES;
				CLANG_WARN_CONSTANT_CONVERSION = YES;
				CLANG_WARN_DEPRECATED_OBJC_IMPLEMENTATIONS = YES;
				CLANG_WARN_DIRECT_OBJC_ISA_USAGE = YES_ERROR;
				CLANG_WARN_DOCUMENTATION_COMMENTS = YES;
				CLANG_WARN_EMPTY_BODY = YES;
				CLANG_WARN_ENUM_CONVERSION = YES;
				CLANG_WARN_INFINITE_RECURSION = YES;
				CLANG_WARN_INT_CONVERSION = YES;
				CLANG_WARN_NON_LITERAL_NULL_CONVERSION = YES;
				CLANG_WARN_OBJC_IMPLICIT_RETAIN_SELF = YES;
				CLANG_WARN_OBJC_LITERAL_CONVERSION = YES;
				CLANG_WARN_OBJC_ROOT_CLASS = YES_ERROR;
				CLANG_WARN_QUOTED_INCLUDE_IN_FRAMEWORK_HEADER = YES;
				CLANG_WARN_RANGE_LOOP_ANALYSIS = YES;
				CLANG_WARN_STRICT_PROTOTYPES = YES;
				CLANG_WARN_SUSPICIOUS_MOVE = YES;
				CLANG_WARN_UNGUARDED_AVAILABILITY = YES_AGGRESSIVE;
				CLANG_WARN_UNREACHABLE_CODE = YES;
				CLANG_WARN__DUPLICATE_METHOD_MATCH = YES;
				COPY_PHASE_STRIP = NO;
				DEBUG_INFORMATION_FORMAT = "dwarf-with-dsym";
				ENABLE_NS_ASSERTIONS = NO;
				ENABLE_STRICT_OBJC_MSGSEND = YES;
				ENABLE_USER_SCRIPT_SANDBOXING = YES;
				GCC_C_LANGUAGE_STANDARD = gnu17;
				GCC_NO_COMMON_BLOCKS = YES;
				GCC_WARN_64_TO_32_BIT_CONVERSION = YES;
				GCC_WARN_ABOUT_RETURN_TYPE = YES_ERROR;
				GCC_WARN_UNDECLARED_SELECTOR = YES;
				GCC_WARN_UNINITIALIZED_AUTOS = YES_AGGRESSIVE;
				GCC_WARN_UNUSED_FUNCTION = YES;
				GCC_WARN_UNUSED_VARIABLE = YES;
				IPHONEOS_DEPLOYMENT_TARGET = 17.2;
				LOCALIZATION_PREFERS_STRING_CATALOGS = YES;
				MTL_ENABLE_DEBUG_INFO = NO;
				MTL_FAST_MATH = YES;
				SDKROOT = iphoneos;
				SWIFT_COMPILATION_MODE = wholemodule;
				VALIDATE_PRODUCT = YES;
			};
			name = Release;
		};
		C5BE52302B68F54000FF07F8 /* Debug */ = {
			isa = XCBuildConfiguration;
			baseConfigurationReference = E7ACEAA22CA2DF4B0079F2F1 /* Secrets.xcconfig */;
			buildSettings = {
				ASSETCATALOG_COMPILER_APPICON_NAME = AppIcon;
				ASSETCATALOG_COMPILER_GLOBAL_ACCENT_COLOR_NAME = AccentColor;
				CODE_SIGN_ENTITLEMENTS = ReadingFrame/ReadingFrame.entitlements;
				"CODE_SIGN_IDENTITY[sdk=iphoneos*]" = "iPhone Developer";
				CODE_SIGN_STYLE = Manual;
				CURRENT_PROJECT_VERSION = 1;
				DEVELOPMENT_ASSET_PATHS = "\"ReadingFrame/Preview Content\"";
				DEVELOPMENT_TEAM = "";
				"DEVELOPMENT_TEAM[sdk=iphoneos*]" = ZUGAVD3728;
				ENABLE_PREVIEWS = YES;
				GENERATE_INFOPLIST_FILE = YES;
				INFOPLIST_FILE = ReadingFrame/Info.plist;
				INFOPLIST_KEY_CFBundleDisplayName = "리딩프레임";
				INFOPLIST_KEY_LSApplicationCategoryType = "public.app-category.books";
				INFOPLIST_KEY_NSLocationWhenInUseUsageDescription = "";
				INFOPLIST_KEY_UIApplicationSceneManifest_Generation = YES;
				INFOPLIST_KEY_UIApplicationSupportsIndirectInputEvents = YES;
				INFOPLIST_KEY_UILaunchScreen_Generation = YES;
				INFOPLIST_KEY_UILaunchStoryboardName = "";
				INFOPLIST_KEY_UISupportedInterfaceOrientations_iPad = "UIInterfaceOrientationPortrait UIInterfaceOrientationPortraitUpsideDown UIInterfaceOrientationLandscapeLeft UIInterfaceOrientationLandscapeRight";
				INFOPLIST_KEY_UISupportedInterfaceOrientations_iPhone = "UIInterfaceOrientationPortrait UIInterfaceOrientationLandscapeLeft UIInterfaceOrientationLandscapeRight";
				INFOPLIST_KEY_UIUserInterfaceStyle = Light;
				IPHONEOS_DEPLOYMENT_TARGET = 17.0;
				LD_RUNPATH_SEARCH_PATHS = (
					"$(inherited)",
					"@executable_path/Frameworks",
				);
				MARKETING_VERSION = 1.0;
				PRODUCT_BUNDLE_IDENTIFIER = com.CodeCozy.ReadingFrame;
				PRODUCT_NAME = "$(TARGET_NAME)";
				PROVISIONING_PROFILE_SPECIFIER = "";
				"PROVISIONING_PROFILE_SPECIFIER[sdk=iphoneos*]" = ReadingFrame_iOS_Development;
				SUPPORTED_PLATFORMS = "iphoneos iphonesimulator";
				SUPPORTS_MACCATALYST = NO;
				SUPPORTS_XR_DESIGNED_FOR_IPHONE_IPAD = NO;
				SWIFT_EMIT_LOC_STRINGS = YES;
				SWIFT_VERSION = 5.0;
				TARGETED_DEVICE_FAMILY = "1,2";
			};
			name = Debug;
		};
		C5BE52312B68F54000FF07F8 /* Release */ = {
			isa = XCBuildConfiguration;
			baseConfigurationReference = E7ACEAA22CA2DF4B0079F2F1 /* Secrets.xcconfig */;
			buildSettings = {
				ASSETCATALOG_COMPILER_APPICON_NAME = AppIcon;
				ASSETCATALOG_COMPILER_GLOBAL_ACCENT_COLOR_NAME = AccentColor;
				CODE_SIGN_ENTITLEMENTS = ReadingFrame/ReadingFrame.entitlements;
				"CODE_SIGN_IDENTITY[sdk=iphoneos*]" = "iPhone Developer";
				CODE_SIGN_STYLE = Manual;
				CURRENT_PROJECT_VERSION = 1;
				DEVELOPMENT_ASSET_PATHS = "\"ReadingFrame/Preview Content\"";
				DEVELOPMENT_TEAM = "";
				"DEVELOPMENT_TEAM[sdk=iphoneos*]" = ZUGAVD3728;
				ENABLE_PREVIEWS = YES;
				GENERATE_INFOPLIST_FILE = YES;
				INFOPLIST_FILE = ReadingFrame/Info.plist;
				INFOPLIST_KEY_CFBundleDisplayName = "리딩프레임";
				INFOPLIST_KEY_LSApplicationCategoryType = "public.app-category.books";
				INFOPLIST_KEY_NSLocationWhenInUseUsageDescription = "";
				INFOPLIST_KEY_UIApplicationSceneManifest_Generation = YES;
				INFOPLIST_KEY_UIApplicationSupportsIndirectInputEvents = YES;
				INFOPLIST_KEY_UILaunchScreen_Generation = YES;
				INFOPLIST_KEY_UILaunchStoryboardName = "";
				INFOPLIST_KEY_UISupportedInterfaceOrientations_iPad = "UIInterfaceOrientationPortrait UIInterfaceOrientationPortraitUpsideDown UIInterfaceOrientationLandscapeLeft UIInterfaceOrientationLandscapeRight";
				INFOPLIST_KEY_UISupportedInterfaceOrientations_iPhone = "UIInterfaceOrientationPortrait UIInterfaceOrientationLandscapeLeft UIInterfaceOrientationLandscapeRight";
				INFOPLIST_KEY_UIUserInterfaceStyle = Light;
				IPHONEOS_DEPLOYMENT_TARGET = 17.0;
				LD_RUNPATH_SEARCH_PATHS = (
					"$(inherited)",
					"@executable_path/Frameworks",
				);
				MARKETING_VERSION = 1.0;
				PRODUCT_BUNDLE_IDENTIFIER = com.CodeCozy.ReadingFrame;
				PRODUCT_NAME = "$(TARGET_NAME)";
				PROVISIONING_PROFILE_SPECIFIER = "";
				"PROVISIONING_PROFILE_SPECIFIER[sdk=iphoneos*]" = ReadingFrame_iOS_Development;
				SUPPORTED_PLATFORMS = "iphoneos iphonesimulator";
				SUPPORTS_MACCATALYST = NO;
				SUPPORTS_XR_DESIGNED_FOR_IPHONE_IPAD = NO;
				SWIFT_EMIT_LOC_STRINGS = YES;
				SWIFT_VERSION = 5.0;
				TARGETED_DEVICE_FAMILY = "1,2";
			};
			name = Release;
		};
/* End XCBuildConfiguration section */

/* Begin XCConfigurationList section */
		C5BE521C2B68F53E00FF07F8 /* Build configuration list for PBXProject "ReadingFrame" */ = {
			isa = XCConfigurationList;
			buildConfigurations = (
				C5BE522D2B68F54000FF07F8 /* Debug */,
				C5BE522E2B68F54000FF07F8 /* Release */,
			);
			defaultConfigurationIsVisible = 0;
			defaultConfigurationName = Release;
		};
		C5BE522F2B68F54000FF07F8 /* Build configuration list for PBXNativeTarget "ReadingFrame" */ = {
			isa = XCConfigurationList;
			buildConfigurations = (
				C5BE52302B68F54000FF07F8 /* Debug */,
				C5BE52312B68F54000FF07F8 /* Release */,
			);
			defaultConfigurationIsVisible = 0;
			defaultConfigurationName = Release;
		};
/* End XCConfigurationList section */

/* Begin XCRemoteSwiftPackageReference section */
		E72060C12C7E0FC2007D3707 /* XCRemoteSwiftPackageReference "kakao-ios-sdk" */ = {
			isa = XCRemoteSwiftPackageReference;
			repositoryURL = "https://github.com/kakao/kakao-ios-sdk";
			requirement = {
				kind = upToNextMajorVersion;
				minimumVersion = 2.22.5;
			};
		};
		E77E0B952C74587A00626110 /* XCRemoteSwiftPackageReference "Alamofire" */ = {
			isa = XCRemoteSwiftPackageReference;
			repositoryURL = "https://github.com/Alamofire/Alamofire.git";
			requirement = {
				kind = upToNextMajorVersion;
				minimumVersion = 5.9.1;
			};
		};
		E7C24DA32C50EB8600D05937 /* XCRemoteSwiftPackageReference "MCEmojiPicker" */ = {
			isa = XCRemoteSwiftPackageReference;
			repositoryURL = "https://github.com/izyumkin/MCEmojiPicker";
			requirement = {
				kind = upToNextMajorVersion;
				minimumVersion = 1.2.3;
			};
		};
/* End XCRemoteSwiftPackageReference section */

/* Begin XCSwiftPackageProductDependency section */
		E72060C22C7E0FC2007D3707 /* KakaoSDKAuth */ = {
			isa = XCSwiftPackageProductDependency;
			package = E72060C12C7E0FC2007D3707 /* XCRemoteSwiftPackageReference "kakao-ios-sdk" */;
			productName = KakaoSDKAuth;
		};
		E72060C42C7E0FC2007D3707 /* KakaoSDKCommon */ = {
			isa = XCSwiftPackageProductDependency;
			package = E72060C12C7E0FC2007D3707 /* XCRemoteSwiftPackageReference "kakao-ios-sdk" */;
			productName = KakaoSDKCommon;
		};
		E72060C62C7E0FC2007D3707 /* KakaoSDKUser */ = {
			isa = XCSwiftPackageProductDependency;
			package = E72060C12C7E0FC2007D3707 /* XCRemoteSwiftPackageReference "kakao-ios-sdk" */;
			productName = KakaoSDKUser;
		};
		E77E0B962C74587A00626110 /* Alamofire */ = {
			isa = XCSwiftPackageProductDependency;
			package = E77E0B952C74587A00626110 /* XCRemoteSwiftPackageReference "Alamofire" */;
			productName = Alamofire;
		};
		E7C24DA42C50EB8600D05937 /* MCEmojiPicker */ = {
			isa = XCSwiftPackageProductDependency;
			package = E7C24DA32C50EB8600D05937 /* XCRemoteSwiftPackageReference "MCEmojiPicker" */;
			productName = MCEmojiPicker;
		};
/* End XCSwiftPackageProductDependency section */
	};
	rootObject = C5BE52192B68F53E00FF07F8 /* Project object */;
}
